// !$*UTF8*$!
{
	archiveVersion = 1;
	classes = {
	};
	objectVersion = 46;
	objects = {

/* Begin PBXBuildFile section */
		152E7F9F1FE5B4FDB8BDDD5E /* Pods_SwiftyDB_Example.framework in Frameworks */ = {isa = PBXBuildFile; fileRef = A3FBA7E18EE80DA2FAE16642 /* Pods_SwiftyDB_Example.framework */; };
		3964692F1EB344A6009D3E6B /* ReaderTests.swift in Sources */ = {isa = PBXBuildFile; fileRef = 3964692D1EB342EE009D3E6B /* ReaderTests.swift */; };
		3978ECB81D8435610019928A /* CHANGELOG.md in Sources */ = {isa = PBXBuildFile; fileRef = 3978ECB71D8435610019928A /* CHANGELOG.md */; };
		399923421D95DE2F00C66AE4 /* Info.plist in Resources */ = {isa = PBXBuildFile; fileRef = 399923301D95DE2F00C66AE4 /* Info.plist */; };
		3999234C1D95DE4800C66AE4 /* Stark.swift in Sources */ = {isa = PBXBuildFile; fileRef = 3999233B1D95DE2F00C66AE4 /* Stark.swift */; };
		3999234D1D95DE4800C66AE4 /* TestClass.swift in Sources */ = {isa = PBXBuildFile; fileRef = 3999233C1D95DE2F00C66AE4 /* TestClass.swift */; };
		3999234E1D95DE4800C66AE4 /* Wolf.swift in Sources */ = {isa = PBXBuildFile; fileRef = 3999233D1D95DE2F00C66AE4 /* Wolf.swift */; };
		399923501D95DE4C00C66AE4 /* QueryTests.swift in Sources */ = {isa = PBXBuildFile; fileRef = 399923391D95DE2F00C66AE4 /* QueryTests.swift */; };
		399923511D95DE5200C66AE4 /* Equatable.swift in Sources */ = {isa = PBXBuildFile; fileRef = 399923341D95DE2F00C66AE4 /* Equatable.swift */; };
		399923521D95DE5200C66AE4 /* ExpressionTests.swift in Sources */ = {isa = PBXBuildFile; fileRef = 399923351D95DE2F00C66AE4 /* ExpressionTests.swift */; };
		399923531D95DE5200C66AE4 /* FilterOperatorsTests.swift in Sources */ = {isa = PBXBuildFile; fileRef = 399923361D95DE2F00C66AE4 /* FilterOperatorsTests.swift */; };
		399923541D95DE5700C66AE4 /* SQLiteDatatypeTests.swift in Sources */ = {isa = PBXBuildFile; fileRef = 3999232D1D95DE2F00C66AE4 /* SQLiteDatatypeTests.swift */; };
		399923551D95DE5700C66AE4 /* SQLiteQueryFactoryTests.swift in Sources */ = {isa = PBXBuildFile; fileRef = 3999232E1D95DE2F00C66AE4 /* SQLiteQueryFactoryTests.swift */; };
		399923561D95DE5700C66AE4 /* SQLiteQueryTests.swift in Sources */ = {isa = PBXBuildFile; fileRef = 3999232F1D95DE2F00C66AE4 /* SQLiteQueryTests.swift */; };
		399C48471D745B29006393B5 /* Dog.swift in Sources */ = {isa = PBXBuildFile; fileRef = 399C48461D745B29006393B5 /* Dog.swift */; };
		399C48491D745B50006393B5 /* Bone.swift in Sources */ = {isa = PBXBuildFile; fileRef = 399C48481D745B50006393B5 /* Bone.swift */; };
		39BA36E01EB299DC0077953B /* ComponentTests.swift in Sources */ = {isa = PBXBuildFile; fileRef = 3999233E1D95DE2F00C66AE4 /* ComponentTests.swift */; };
		39BA36E51EB30AEE0077953B /* StorablePropertiesTest.swift in Sources */ = {isa = PBXBuildFile; fileRef = 39BA36E31EB30A650077953B /* StorablePropertiesTest.swift */; };
		39BA36E81EB3108F0077953B /* ConfigurationTests.swift in Sources */ = {isa = PBXBuildFile; fileRef = 39BA36E61EB30F7B0077953B /* ConfigurationTests.swift */; };
		39BA36EB1EB3152F0077953B /* ConnectivesTests.swift in Sources */ = {isa = PBXBuildFile; fileRef = 39BA36E91EB314A90077953B /* ConnectivesTests.swift */; };
		39BA36EE1EB319930077953B /* ObjectSerializerTests.swift in Sources */ = {isa = PBXBuildFile; fileRef = 39BA36ED1EB319930077953B /* ObjectSerializerTests.swift */; };
		39BA36F01EB320850077953B /* DatabaseTests.swift in Sources */ = {isa = PBXBuildFile; fileRef = 39BA36EF1EB320850077953B /* DatabaseTests.swift */; };
		39BA36F21EB326010077953B /* FunctionCallManager.swift in Sources */ = {isa = PBXBuildFile; fileRef = 39BA36F11EB326010077953B /* FunctionCallManager.swift */; };
		39BA36F41EB33C300077953B /* ObjectMapperTests.swift in Sources */ = {isa = PBXBuildFile; fileRef = 39BA36F31EB33C300077953B /* ObjectMapperTests.swift */; };
		607FACD61AFB9204008FA782 /* AppDelegate.swift in Sources */ = {isa = PBXBuildFile; fileRef = 607FACD51AFB9204008FA782 /* AppDelegate.swift */; };
		607FACD81AFB9204008FA782 /* ViewController.swift in Sources */ = {isa = PBXBuildFile; fileRef = 607FACD71AFB9204008FA782 /* ViewController.swift */; };
		607FACDB1AFB9204008FA782 /* Main.storyboard in Resources */ = {isa = PBXBuildFile; fileRef = 607FACD91AFB9204008FA782 /* Main.storyboard */; };
		607FACDD1AFB9204008FA782 /* Images.xcassets in Resources */ = {isa = PBXBuildFile; fileRef = 607FACDC1AFB9204008FA782 /* Images.xcassets */; };
		607FACE01AFB9204008FA782 /* LaunchScreen.xib in Resources */ = {isa = PBXBuildFile; fileRef = 607FACDE1AFB9204008FA782 /* LaunchScreen.xib */; };
		99277DEB8B00907B66284EAE /* Pods_SwiftyDB_Tests.framework in Frameworks */ = {isa = PBXBuildFile; fileRef = A5CCECA7BB6B539558377C49 /* Pods_SwiftyDB_Tests.framework */; };
/* End PBXBuildFile section */

/* Begin PBXContainerItemProxy section */
		607FACE61AFB9204008FA782 /* PBXContainerItemProxy */ = {
			isa = PBXContainerItemProxy;
			containerPortal = 607FACC81AFB9204008FA782 /* Project object */;
			proxyType = 1;
			remoteGlobalIDString = 607FACCF1AFB9204008FA782;
			remoteInfo = SwiftyDB;
		};
/* End PBXContainerItemProxy section */

/* Begin PBXFileReference section */
		0862094CD83CCC68F5866600 /* Pods-SwiftyDB_Tests.release.xcconfig */ = {isa = PBXFileReference; includeInIndex = 1; lastKnownFileType = text.xcconfig; name = "Pods-SwiftyDB_Tests.release.xcconfig"; path = "Pods/Target Support Files/Pods-SwiftyDB_Tests/Pods-SwiftyDB_Tests.release.xcconfig"; sourceTree = "<group>"; };
		3964692D1EB342EE009D3E6B /* ReaderTests.swift */ = {isa = PBXFileReference; fileEncoding = 4; lastKnownFileType = sourcecode.swift; name = ReaderTests.swift; path = Mapping/Mappers/ReaderTests.swift; sourceTree = "<group>"; };
		3978ECB71D8435610019928A /* CHANGELOG.md */ = {isa = PBXFileReference; fileEncoding = 4; lastKnownFileType = net.daringfireball.markdown; name = CHANGELOG.md; path = ../CHANGELOG.md; sourceTree = "<group>"; };
		3999232D1D95DE2F00C66AE4 /* SQLiteDatatypeTests.swift */ = {isa = PBXFileReference; fileEncoding = 4; lastKnownFileType = sourcecode.swift; path = SQLiteDatatypeTests.swift; sourceTree = "<group>"; };
		3999232E1D95DE2F00C66AE4 /* SQLiteQueryFactoryTests.swift */ = {isa = PBXFileReference; fileEncoding = 4; lastKnownFileType = sourcecode.swift; path = SQLiteQueryFactoryTests.swift; sourceTree = "<group>"; };
		3999232F1D95DE2F00C66AE4 /* SQLiteQueryTests.swift */ = {isa = PBXFileReference; fileEncoding = 4; lastKnownFileType = sourcecode.swift; path = SQLiteQueryTests.swift; sourceTree = "<group>"; };
		399923301D95DE2F00C66AE4 /* Info.plist */ = {isa = PBXFileReference; fileEncoding = 4; lastKnownFileType = text.plist.xml; path = Info.plist; sourceTree = "<group>"; };
		399923341D95DE2F00C66AE4 /* Equatable.swift */ = {isa = PBXFileReference; fileEncoding = 4; lastKnownFileType = sourcecode.swift; path = Equatable.swift; sourceTree = "<group>"; };
		399923351D95DE2F00C66AE4 /* ExpressionTests.swift */ = {isa = PBXFileReference; fileEncoding = 4; lastKnownFileType = sourcecode.swift; path = ExpressionTests.swift; sourceTree = "<group>"; };
		399923361D95DE2F00C66AE4 /* FilterOperatorsTests.swift */ = {isa = PBXFileReference; fileEncoding = 4; lastKnownFileType = sourcecode.swift; path = FilterOperatorsTests.swift; sourceTree = "<group>"; };
		399923391D95DE2F00C66AE4 /* QueryTests.swift */ = {isa = PBXFileReference; fileEncoding = 4; lastKnownFileType = sourcecode.swift; path = QueryTests.swift; sourceTree = "<group>"; };
		3999233B1D95DE2F00C66AE4 /* Stark.swift */ = {isa = PBXFileReference; fileEncoding = 4; lastKnownFileType = sourcecode.swift; path = Stark.swift; sourceTree = "<group>"; };
		3999233C1D95DE2F00C66AE4 /* TestClass.swift */ = {isa = PBXFileReference; fileEncoding = 4; lastKnownFileType = sourcecode.swift; path = TestClass.swift; sourceTree = "<group>"; };
		3999233D1D95DE2F00C66AE4 /* Wolf.swift */ = {isa = PBXFileReference; fileEncoding = 4; lastKnownFileType = sourcecode.swift; path = Wolf.swift; sourceTree = "<group>"; };
		3999233E1D95DE2F00C66AE4 /* ComponentTests.swift */ = {isa = PBXFileReference; fileEncoding = 4; lastKnownFileType = sourcecode.swift; name = ComponentTests.swift; path = Swifty/ComponentTests.swift; sourceTree = "<group>"; };
		399C48461D745B29006393B5 /* Dog.swift */ = {isa = PBXFileReference; fileEncoding = 4; lastKnownFileType = sourcecode.swift; name = Dog.swift; path = Models/Dog.swift; sourceTree = "<group>"; };
		399C48481D745B50006393B5 /* Bone.swift */ = {isa = PBXFileReference; fileEncoding = 4; lastKnownFileType = sourcecode.swift; name = Bone.swift; path = Models/Bone.swift; sourceTree = "<group>"; };
		39BA36E31EB30A650077953B /* StorablePropertiesTest.swift */ = {isa = PBXFileReference; fileEncoding = 4; lastKnownFileType = sourcecode.swift; name = StorablePropertiesTest.swift; path = Mapping/StorablePropertiesTest.swift; sourceTree = "<group>"; };
		39BA36E61EB30F7B0077953B /* ConfigurationTests.swift */ = {isa = PBXFileReference; fileEncoding = 4; lastKnownFileType = sourcecode.swift; path = ConfigurationTests.swift; sourceTree = "<group>"; };
		39BA36E91EB314A90077953B /* ConnectivesTests.swift */ = {isa = PBXFileReference; fileEncoding = 4; lastKnownFileType = sourcecode.swift; path = ConnectivesTests.swift; sourceTree = "<group>"; };
		39BA36ED1EB319930077953B /* ObjectSerializerTests.swift */ = {isa = PBXFileReference; fileEncoding = 4; lastKnownFileType = sourcecode.swift; path = ObjectSerializerTests.swift; sourceTree = "<group>"; };
		39BA36EF1EB320850077953B /* DatabaseTests.swift */ = {isa = PBXFileReference; fileEncoding = 4; lastKnownFileType = sourcecode.swift; path = DatabaseTests.swift; sourceTree = "<group>"; };
		39BA36F11EB326010077953B /* FunctionCallManager.swift */ = {isa = PBXFileReference; fileEncoding = 4; lastKnownFileType = sourcecode.swift; path = FunctionCallManager.swift; sourceTree = "<group>"; };
		39BA36F31EB33C300077953B /* ObjectMapperTests.swift */ = {isa = PBXFileReference; fileEncoding = 4; lastKnownFileType = sourcecode.swift; name = ObjectMapperTests.swift; path = Mapping/ObjectMapperTests.swift; sourceTree = "<group>"; };
		4900D3B1F7B745159FE1A127 /* README.md */ = {isa = PBXFileReference; includeInIndex = 1; lastKnownFileType = net.daringfireball.markdown; name = README.md; path = ../README.md; sourceTree = "<group>"; };
		607FACD01AFB9204008FA782 /* SwiftyDB_Example.app */ = {isa = PBXFileReference; explicitFileType = wrapper.application; includeInIndex = 0; path = SwiftyDB_Example.app; sourceTree = BUILT_PRODUCTS_DIR; };
		607FACD41AFB9204008FA782 /* Info.plist */ = {isa = PBXFileReference; lastKnownFileType = text.plist.xml; path = Info.plist; sourceTree = "<group>"; };
		607FACD51AFB9204008FA782 /* AppDelegate.swift */ = {isa = PBXFileReference; lastKnownFileType = sourcecode.swift; path = AppDelegate.swift; sourceTree = "<group>"; };
		607FACD71AFB9204008FA782 /* ViewController.swift */ = {isa = PBXFileReference; lastKnownFileType = sourcecode.swift; path = ViewController.swift; sourceTree = "<group>"; };
		607FACDA1AFB9204008FA782 /* Base */ = {isa = PBXFileReference; lastKnownFileType = file.storyboard; name = Base; path = Base.lproj/Main.storyboard; sourceTree = "<group>"; };
		607FACDC1AFB9204008FA782 /* Images.xcassets */ = {isa = PBXFileReference; lastKnownFileType = folder.assetcatalog; path = Images.xcassets; sourceTree = "<group>"; };
		607FACDF1AFB9204008FA782 /* Base */ = {isa = PBXFileReference; lastKnownFileType = file.xib; name = Base; path = Base.lproj/LaunchScreen.xib; sourceTree = "<group>"; };
		607FACE51AFB9204008FA782 /* SwiftyDB_Tests.xctest */ = {isa = PBXFileReference; explicitFileType = wrapper.cfbundle; includeInIndex = 0; path = SwiftyDB_Tests.xctest; sourceTree = BUILT_PRODUCTS_DIR; };
		7BA495218AE55B10EDCBC349 /* LICENSE */ = {isa = PBXFileReference; includeInIndex = 1; lastKnownFileType = text; name = LICENSE; path = ../LICENSE; sourceTree = "<group>"; };
		A3FBA7E18EE80DA2FAE16642 /* Pods_SwiftyDB_Example.framework */ = {isa = PBXFileReference; explicitFileType = wrapper.framework; includeInIndex = 0; path = Pods_SwiftyDB_Example.framework; sourceTree = BUILT_PRODUCTS_DIR; };
		A5CCECA7BB6B539558377C49 /* Pods_SwiftyDB_Tests.framework */ = {isa = PBXFileReference; explicitFileType = wrapper.framework; includeInIndex = 0; path = Pods_SwiftyDB_Tests.framework; sourceTree = BUILT_PRODUCTS_DIR; };
		C4504917FA67D5B0B3EABDCC /* Pods-SwiftyDB_Example.debug.xcconfig */ = {isa = PBXFileReference; includeInIndex = 1; lastKnownFileType = text.xcconfig; name = "Pods-SwiftyDB_Example.debug.xcconfig"; path = "Pods/Target Support Files/Pods-SwiftyDB_Example/Pods-SwiftyDB_Example.debug.xcconfig"; sourceTree = "<group>"; };
		E021258CBDCE36471E186F09 /* Pods-SwiftyDB_Tests.debug.xcconfig */ = {isa = PBXFileReference; includeInIndex = 1; lastKnownFileType = text.xcconfig; name = "Pods-SwiftyDB_Tests.debug.xcconfig"; path = "Pods/Target Support Files/Pods-SwiftyDB_Tests/Pods-SwiftyDB_Tests.debug.xcconfig"; sourceTree = "<group>"; };
		F196689CCB99FA868D0658F2 /* SwiftyDB.podspec */ = {isa = PBXFileReference; includeInIndex = 1; lastKnownFileType = text; name = SwiftyDB.podspec; path = ../SwiftyDB.podspec; sourceTree = "<group>"; xcLanguageSpecificationIdentifier = xcode.lang.ruby; };
		FA21C03FE49807406715C2C1 /* Pods-SwiftyDB_Example.release.xcconfig */ = {isa = PBXFileReference; includeInIndex = 1; lastKnownFileType = text.xcconfig; name = "Pods-SwiftyDB_Example.release.xcconfig"; path = "Pods/Target Support Files/Pods-SwiftyDB_Example/Pods-SwiftyDB_Example.release.xcconfig"; sourceTree = "<group>"; };
/* End PBXFileReference section */

/* Begin PBXFrameworksBuildPhase section */
		607FACCD1AFB9204008FA782 /* Frameworks */ = {
			isa = PBXFrameworksBuildPhase;
			buildActionMask = 2147483647;
			files = (
				152E7F9F1FE5B4FDB8BDDD5E /* Pods_SwiftyDB_Example.framework in Frameworks */,
			);
			runOnlyForDeploymentPostprocessing = 0;
		};
		607FACE21AFB9204008FA782 /* Frameworks */ = {
			isa = PBXFrameworksBuildPhase;
			buildActionMask = 2147483647;
			files = (
				99277DEB8B00907B66284EAE /* Pods_SwiftyDB_Tests.framework in Frameworks */,
			);
			runOnlyForDeploymentPostprocessing = 0;
		};
/* End PBXFrameworksBuildPhase section */

/* Begin PBXGroup section */
		3964692C1EB342DD009D3E6B /* Mappers */ = {
			isa = PBXGroup;
			children = (
				3964692D1EB342EE009D3E6B /* ReaderTests.swift */,
			);
			name = Mappers;
			sourceTree = "<group>";
		};
		3999232A1D95DE2F00C66AE4 /* Tests */ = {
			isa = PBXGroup;
			children = (
				39BA36F11EB326010077953B /* FunctionCallManager.swift */,
				3999233E1D95DE2F00C66AE4 /* ComponentTests.swift */,
				39BA36E11EB30A350077953B /* Mapping */,
				3999232B1D95DE2F00C66AE4 /* BackingDatabase */,
				399923321D95DE2F00C66AE4 /* Database */,
				399923301D95DE2F00C66AE4 /* Info.plist */,
			);
			name = Tests;
			path = ../SwiftyDB/Tests;
			sourceTree = "<group>";
		};
		3999232B1D95DE2F00C66AE4 /* BackingDatabase */ = {
			isa = PBXGroup;
			children = (
				3999232C1D95DE2F00C66AE4 /* SQLite */,
				39BA36ED1EB319930077953B /* ObjectSerializerTests.swift */,
			);
			name = BackingDatabase;
			path = Database;
			sourceTree = "<group>";
		};
		3999232C1D95DE2F00C66AE4 /* SQLite */ = {
			isa = PBXGroup;
			children = (
				3999232D1D95DE2F00C66AE4 /* SQLiteDatatypeTests.swift */,
				3999232E1D95DE2F00C66AE4 /* SQLiteQueryFactoryTests.swift */,
				3999232F1D95DE2F00C66AE4 /* SQLiteQueryTests.swift */,
			);
			path = SQLite;
			sourceTree = "<group>";
		};
		399923321D95DE2F00C66AE4 /* Database */ = {
			isa = PBXGroup;
			children = (
				3999233A1D95DE2F00C66AE4 /* Models */,
				399923331D95DE2F00C66AE4 /* Filter */,
				39BA36E61EB30F7B0077953B /* ConfigurationTests.swift */,
				39BA36EF1EB320850077953B /* DatabaseTests.swift */,
			);
			name = Database;
			path = Swifty;
			sourceTree = "<group>";
		};
		399923331D95DE2F00C66AE4 /* Filter */ = {
			isa = PBXGroup;
			children = (
				399923341D95DE2F00C66AE4 /* Equatable.swift */,
				399923351D95DE2F00C66AE4 /* ExpressionTests.swift */,
				39BA36E91EB314A90077953B /* ConnectivesTests.swift */,
				399923361D95DE2F00C66AE4 /* FilterOperatorsTests.swift */,
				399923391D95DE2F00C66AE4 /* QueryTests.swift */,
			);
			path = Filter;
			sourceTree = "<group>";
		};
		3999233A1D95DE2F00C66AE4 /* Models */ = {
			isa = PBXGroup;
			children = (
				3999233B1D95DE2F00C66AE4 /* Stark.swift */,
				3999233C1D95DE2F00C66AE4 /* TestClass.swift */,
				3999233D1D95DE2F00C66AE4 /* Wolf.swift */,
			);
			name = Models;
			path = Storeables;
			sourceTree = "<group>";
		};
		399C48451D745B15006393B5 /* Models */ = {
			isa = PBXGroup;
			children = (
				399C48461D745B29006393B5 /* Dog.swift */,
				399C48481D745B50006393B5 /* Bone.swift */,
			);
			name = Models;
			sourceTree = "<group>";
		};
		39BA36E11EB30A350077953B /* Mapping */ = {
			isa = PBXGroup;
			children = (
				39BA36E31EB30A650077953B /* StorablePropertiesTest.swift */,
				39BA36F31EB33C300077953B /* ObjectMapperTests.swift */,
				3964692C1EB342DD009D3E6B /* Mappers */,
			);
			name = Mapping;
			sourceTree = "<group>";
		};
		41F16BB0B21D9A84C77461E5 /* Frameworks */ = {
			isa = PBXGroup;
			children = (
				A3FBA7E18EE80DA2FAE16642 /* Pods_SwiftyDB_Example.framework */,
				A5CCECA7BB6B539558377C49 /* Pods_SwiftyDB_Tests.framework */,
			);
			name = Frameworks;
			sourceTree = "<group>";
		};
		607FACC71AFB9204008FA782 = {
			isa = PBXGroup;
			children = (
				607FACF51AFB993E008FA782 /* Podspec Metadata */,
				607FACD21AFB9204008FA782 /* Example for SwiftyDB */,
				3999232A1D95DE2F00C66AE4 /* Tests */,
				607FACD11AFB9204008FA782 /* Products */,
				B39DE07409018C36EC507067 /* Pods */,
				41F16BB0B21D9A84C77461E5 /* Frameworks */,
			);
			sourceTree = "<group>";
		};
		607FACD11AFB9204008FA782 /* Products */ = {
			isa = PBXGroup;
			children = (
				607FACD01AFB9204008FA782 /* SwiftyDB_Example.app */,
				607FACE51AFB9204008FA782 /* SwiftyDB_Tests.xctest */,
			);
			name = Products;
			sourceTree = "<group>";
		};
		607FACD21AFB9204008FA782 /* Example for SwiftyDB */ = {
			isa = PBXGroup;
			children = (
				399C48451D745B15006393B5 /* Models */,
				607FACD51AFB9204008FA782 /* AppDelegate.swift */,
				607FACD71AFB9204008FA782 /* ViewController.swift */,
				607FACD91AFB9204008FA782 /* Main.storyboard */,
				607FACDC1AFB9204008FA782 /* Images.xcassets */,
				607FACDE1AFB9204008FA782 /* LaunchScreen.xib */,
				607FACD31AFB9204008FA782 /* Supporting Files */,
			);
			name = "Example for SwiftyDB";
			path = SwiftyDB;
			sourceTree = "<group>";
		};
		607FACD31AFB9204008FA782 /* Supporting Files */ = {
			isa = PBXGroup;
			children = (
				607FACD41AFB9204008FA782 /* Info.plist */,
			);
			name = "Supporting Files";
			sourceTree = "<group>";
		};
		607FACF51AFB993E008FA782 /* Podspec Metadata */ = {
			isa = PBXGroup;
			children = (
				3978ECB71D8435610019928A /* CHANGELOG.md */,
				F196689CCB99FA868D0658F2 /* SwiftyDB.podspec */,
				4900D3B1F7B745159FE1A127 /* README.md */,
				7BA495218AE55B10EDCBC349 /* LICENSE */,
			);
			name = "Podspec Metadata";
			sourceTree = "<group>";
		};
		B39DE07409018C36EC507067 /* Pods */ = {
			isa = PBXGroup;
			children = (
				C4504917FA67D5B0B3EABDCC /* Pods-SwiftyDB_Example.debug.xcconfig */,
				FA21C03FE49807406715C2C1 /* Pods-SwiftyDB_Example.release.xcconfig */,
				E021258CBDCE36471E186F09 /* Pods-SwiftyDB_Tests.debug.xcconfig */,
				0862094CD83CCC68F5866600 /* Pods-SwiftyDB_Tests.release.xcconfig */,
			);
			name = Pods;
			sourceTree = "<group>";
		};
/* End PBXGroup section */

/* Begin PBXNativeTarget section */
		607FACCF1AFB9204008FA782 /* SwiftyDB_Example */ = {
			isa = PBXNativeTarget;
			buildConfigurationList = 607FACEF1AFB9204008FA782 /* Build configuration list for PBXNativeTarget "SwiftyDB_Example" */;
			buildPhases = (
				EB95EAE51349EE04AAB2A7DC /* [CP] Check Pods Manifest.lock */,
				607FACCC1AFB9204008FA782 /* Sources */,
				607FACCD1AFB9204008FA782 /* Frameworks */,
				607FACCE1AFB9204008FA782 /* Resources */,
				F715CB068C93060102C9E2F0 /* [CP] Embed Pods Frameworks */,
				7665BB9AA10532AB3BA2BC31 /* [CP] Copy Pods Resources */,
			);
			buildRules = (
			);
			dependencies = (
			);
			name = SwiftyDB_Example;
			productName = SwiftyDB;
			productReference = 607FACD01AFB9204008FA782 /* SwiftyDB_Example.app */;
			productType = "com.apple.product-type.application";
		};
		607FACE41AFB9204008FA782 /* SwiftyDB_Tests */ = {
			isa = PBXNativeTarget;
			buildConfigurationList = 607FACF21AFB9204008FA782 /* Build configuration list for PBXNativeTarget "SwiftyDB_Tests" */;
			buildPhases = (
				AC3F469B8AC2E1459D21FC74 /* [CP] Check Pods Manifest.lock */,
				607FACE11AFB9204008FA782 /* Sources */,
				607FACE21AFB9204008FA782 /* Frameworks */,
				607FACE31AFB9204008FA782 /* Resources */,
				697D4AD6700AD7CA57FE2D78 /* [CP] Embed Pods Frameworks */,
				EC3A2BDDABAFC3606410D873 /* [CP] Copy Pods Resources */,
			);
			buildRules = (
			);
			dependencies = (
				607FACE71AFB9204008FA782 /* PBXTargetDependency */,
			);
			name = SwiftyDB_Tests;
			productName = Tests;
			productReference = 607FACE51AFB9204008FA782 /* SwiftyDB_Tests.xctest */;
			productType = "com.apple.product-type.bundle.unit-test";
		};
/* End PBXNativeTarget section */

/* Begin PBXProject section */
		607FACC81AFB9204008FA782 /* Project object */ = {
			isa = PBXProject;
			attributes = {
				LastSwiftUpdateCheck = 0730;
				LastUpgradeCheck = 0800;
				ORGANIZATIONNAME = CocoaPods;
				TargetAttributes = {
					607FACCF1AFB9204008FA782 = {
						CreatedOnToolsVersion = 6.3.1;
						DevelopmentTeam = FXWNTJ4XVX;
						LastSwiftMigration = 0800;
					};
					607FACE41AFB9204008FA782 = {
						CreatedOnToolsVersion = 6.3.1;
						LastSwiftMigration = 0800;
						TestTargetID = 607FACCF1AFB9204008FA782;
					};
				};
			};
			buildConfigurationList = 607FACCB1AFB9204008FA782 /* Build configuration list for PBXProject "SwiftyDB" */;
			compatibilityVersion = "Xcode 3.2";
			developmentRegion = English;
			hasScannedForEncodings = 0;
			knownRegions = (
				en,
				Base,
			);
			mainGroup = 607FACC71AFB9204008FA782;
			productRefGroup = 607FACD11AFB9204008FA782 /* Products */;
			projectDirPath = "";
			projectRoot = "";
			targets = (
				607FACCF1AFB9204008FA782 /* SwiftyDB_Example */,
				607FACE41AFB9204008FA782 /* SwiftyDB_Tests */,
			);
		};
/* End PBXProject section */

/* Begin PBXResourcesBuildPhase section */
		607FACCE1AFB9204008FA782 /* Resources */ = {
			isa = PBXResourcesBuildPhase;
			buildActionMask = 2147483647;
			files = (
				399923421D95DE2F00C66AE4 /* Info.plist in Resources */,
				607FACDB1AFB9204008FA782 /* Main.storyboard in Resources */,
				607FACE01AFB9204008FA782 /* LaunchScreen.xib in Resources */,
				607FACDD1AFB9204008FA782 /* Images.xcassets in Resources */,
			);
			runOnlyForDeploymentPostprocessing = 0;
		};
		607FACE31AFB9204008FA782 /* Resources */ = {
			isa = PBXResourcesBuildPhase;
			buildActionMask = 2147483647;
			files = (
			);
			runOnlyForDeploymentPostprocessing = 0;
		};
/* End PBXResourcesBuildPhase section */

/* Begin PBXShellScriptBuildPhase section */
		697D4AD6700AD7CA57FE2D78 /* [CP] Embed Pods Frameworks */ = {
			isa = PBXShellScriptBuildPhase;
			buildActionMask = 2147483647;
			files = (
			);
			inputPaths = (
			);
			name = "[CP] Embed Pods Frameworks";
			outputPaths = (
			);
			runOnlyForDeploymentPostprocessing = 0;
			shellPath = /bin/sh;
			shellScript = "\"${SRCROOT}/Pods/Target Support Files/Pods-SwiftyDB_Tests/Pods-SwiftyDB_Tests-frameworks.sh\"\n";
			showEnvVarsInLog = 0;
		};
		7665BB9AA10532AB3BA2BC31 /* [CP] Copy Pods Resources */ = {
			isa = PBXShellScriptBuildPhase;
			buildActionMask = 2147483647;
			files = (
			);
			inputPaths = (
			);
			name = "[CP] Copy Pods Resources";
			outputPaths = (
			);
			runOnlyForDeploymentPostprocessing = 0;
			shellPath = /bin/sh;
			shellScript = "\"${SRCROOT}/Pods/Target Support Files/Pods-SwiftyDB_Example/Pods-SwiftyDB_Example-resources.sh\"\n";
			showEnvVarsInLog = 0;
		};
		AC3F469B8AC2E1459D21FC74 /* [CP] Check Pods Manifest.lock */ = {
			isa = PBXShellScriptBuildPhase;
			buildActionMask = 2147483647;
			files = (
			);
			inputPaths = (
			);
			name = "[CP] Check Pods Manifest.lock";
			outputPaths = (
			);
			runOnlyForDeploymentPostprocessing = 0;
			shellPath = /bin/sh;
			shellScript = "diff \"${PODS_PODFILE_DIR_PATH}/Podfile.lock\" \"${PODS_ROOT}/Manifest.lock\" > /dev/null\nif [ $? != 0 ] ; then\n    # print error to STDERR\n    echo \"error: The sandbox is not in sync with the Podfile.lock. Run 'pod install' or update your CocoaPods installation.\" >&2\n    exit 1\nfi\n";
			showEnvVarsInLog = 0;
		};
		EB95EAE51349EE04AAB2A7DC /* [CP] Check Pods Manifest.lock */ = {
			isa = PBXShellScriptBuildPhase;
			buildActionMask = 2147483647;
			files = (
			);
			inputPaths = (
			);
			name = "[CP] Check Pods Manifest.lock";
			outputPaths = (
			);
			runOnlyForDeploymentPostprocessing = 0;
			shellPath = /bin/sh;
			shellScript = "diff \"${PODS_PODFILE_DIR_PATH}/Podfile.lock\" \"${PODS_ROOT}/Manifest.lock\" > /dev/null\nif [ $? != 0 ] ; then\n    # print error to STDERR\n    echo \"error: The sandbox is not in sync with the Podfile.lock. Run 'pod install' or update your CocoaPods installation.\" >&2\n    exit 1\nfi\n";
			showEnvVarsInLog = 0;
		};
		EC3A2BDDABAFC3606410D873 /* [CP] Copy Pods Resources */ = {
			isa = PBXShellScriptBuildPhase;
			buildActionMask = 2147483647;
			files = (
			);
			inputPaths = (
			);
			name = "[CP] Copy Pods Resources";
			outputPaths = (
			);
			runOnlyForDeploymentPostprocessing = 0;
			shellPath = /bin/sh;
			shellScript = "\"${SRCROOT}/Pods/Target Support Files/Pods-SwiftyDB_Tests/Pods-SwiftyDB_Tests-resources.sh\"\n";
			showEnvVarsInLog = 0;
		};
		F715CB068C93060102C9E2F0 /* [CP] Embed Pods Frameworks */ = {
			isa = PBXShellScriptBuildPhase;
			buildActionMask = 2147483647;
			files = (
			);
			inputPaths = (
			);
			name = "[CP] Embed Pods Frameworks";
			outputPaths = (
			);
			runOnlyForDeploymentPostprocessing = 0;
			shellPath = /bin/sh;
			shellScript = "\"${SRCROOT}/Pods/Target Support Files/Pods-SwiftyDB_Example/Pods-SwiftyDB_Example-frameworks.sh\"\n";
			showEnvVarsInLog = 0;
		};
/* End PBXShellScriptBuildPhase section */

/* Begin PBXSourcesBuildPhase section */
		607FACCC1AFB9204008FA782 /* Sources */ = {
			isa = PBXSourcesBuildPhase;
			buildActionMask = 2147483647;
			files = (
				607FACD81AFB9204008FA782 /* ViewController.swift in Sources */,
				399C48471D745B29006393B5 /* Dog.swift in Sources */,
				3978ECB81D8435610019928A /* CHANGELOG.md in Sources */,
				399C48491D745B50006393B5 /* Bone.swift in Sources */,
				607FACD61AFB9204008FA782 /* AppDelegate.swift in Sources */,
			);
			runOnlyForDeploymentPostprocessing = 0;
		};
		607FACE11AFB9204008FA782 /* Sources */ = {
			isa = PBXSourcesBuildPhase;
			buildActionMask = 2147483647;
			files = (
				39BA36E51EB30AEE0077953B /* StorablePropertiesTest.swift in Sources */,
				39BA36EB1EB3152F0077953B /* ConnectivesTests.swift in Sources */,
				399923511D95DE5200C66AE4 /* Equatable.swift in Sources */,
				399923561D95DE5700C66AE4 /* SQLiteQueryTests.swift in Sources */,
				3999234E1D95DE4800C66AE4 /* Wolf.swift in Sources */,
				399923501D95DE4C00C66AE4 /* QueryTests.swift in Sources */,
				39BA36F01EB320850077953B /* DatabaseTests.swift in Sources */,
				399923541D95DE5700C66AE4 /* SQLiteDatatypeTests.swift in Sources */,
				3999234D1D95DE4800C66AE4 /* TestClass.swift in Sources */,
				39BA36F41EB33C300077953B /* ObjectMapperTests.swift in Sources */,
				399923531D95DE5200C66AE4 /* FilterOperatorsTests.swift in Sources */,
				39BA36E01EB299DC0077953B /* ComponentTests.swift in Sources */,
				399923551D95DE5700C66AE4 /* SQLiteQueryFactoryTests.swift in Sources */,
				3999234C1D95DE4800C66AE4 /* Stark.swift in Sources */,
				39BA36F21EB326010077953B /* FunctionCallManager.swift in Sources */,
				399923521D95DE5200C66AE4 /* ExpressionTests.swift in Sources */,
				39BA36EE1EB319930077953B /* ObjectSerializerTests.swift in Sources */,
				39BA36E81EB3108F0077953B /* ConfigurationTests.swift in Sources */,
				3964692F1EB344A6009D3E6B /* ReaderTests.swift in Sources */,
			);
			runOnlyForDeploymentPostprocessing = 0;
		};
/* End PBXSourcesBuildPhase section */

/* Begin PBXTargetDependency section */
		607FACE71AFB9204008FA782 /* PBXTargetDependency */ = {
			isa = PBXTargetDependency;
			target = 607FACCF1AFB9204008FA782 /* SwiftyDB_Example */;
			targetProxy = 607FACE61AFB9204008FA782 /* PBXContainerItemProxy */;
		};
/* End PBXTargetDependency section */

/* Begin PBXVariantGroup section */
		607FACD91AFB9204008FA782 /* Main.storyboard */ = {
			isa = PBXVariantGroup;
			children = (
				607FACDA1AFB9204008FA782 /* Base */,
			);
			name = Main.storyboard;
			sourceTree = "<group>";
		};
		607FACDE1AFB9204008FA782 /* LaunchScreen.xib */ = {
			isa = PBXVariantGroup;
			children = (
				607FACDF1AFB9204008FA782 /* Base */,
			);
			name = LaunchScreen.xib;
			sourceTree = "<group>";
		};
/* End PBXVariantGroup section */

/* Begin XCBuildConfiguration section */
		607FACED1AFB9204008FA782 /* Debug */ = {
			isa = XCBuildConfiguration;
			buildSettings = {
				ALWAYS_SEARCH_USER_PATHS = NO;
				CLANG_CXX_LANGUAGE_STANDARD = "gnu++0x";
				CLANG_CXX_LIBRARY = "libc++";
				CLANG_ENABLE_MODULES = YES;
				CLANG_ENABLE_OBJC_ARC = YES;
				CLANG_WARN_BOOL_CONVERSION = YES;
				CLANG_WARN_CONSTANT_CONVERSION = YES;
				CLANG_WARN_DIRECT_OBJC_ISA_USAGE = YES_ERROR;
				CLANG_WARN_EMPTY_BODY = YES;
				CLANG_WARN_ENUM_CONVERSION = YES;
				CLANG_WARN_INFINITE_RECURSION = YES;
				CLANG_WARN_INT_CONVERSION = YES;
				CLANG_WARN_OBJC_ROOT_CLASS = YES_ERROR;
				CLANG_WARN_SUSPICIOUS_MOVE = YES;
				CLANG_WARN_UNREACHABLE_CODE = YES;
				CLANG_WARN__DUPLICATE_METHOD_MATCH = YES;
				"CODE_SIGN_IDENTITY[sdk=iphoneos*]" = "iPhone Developer";
				COPY_PHASE_STRIP = NO;
				DEBUG_INFORMATION_FORMAT = "dwarf-with-dsym";
				ENABLE_STRICT_OBJC_MSGSEND = YES;
				ENABLE_TESTABILITY = YES;
				GCC_C_LANGUAGE_STANDARD = gnu99;
				GCC_DYNAMIC_NO_PIC = NO;
				GCC_NO_COMMON_BLOCKS = YES;
				GCC_OPTIMIZATION_LEVEL = 0;
				GCC_PREPROCESSOR_DEFINITIONS = (
					"DEBUG=1",
					"$(inherited)",
				);
				GCC_SYMBOLS_PRIVATE_EXTERN = NO;
				GCC_WARN_64_TO_32_BIT_CONVERSION = YES;
				GCC_WARN_ABOUT_RETURN_TYPE = YES_ERROR;
				GCC_WARN_UNDECLARED_SELECTOR = YES;
				GCC_WARN_UNINITIALIZED_AUTOS = YES_AGGRESSIVE;
				GCC_WARN_UNUSED_FUNCTION = YES;
				GCC_WARN_UNUSED_VARIABLE = YES;
				IPHONEOS_DEPLOYMENT_TARGET = 8.3;
				MTL_ENABLE_DEBUG_INFO = YES;
				ONLY_ACTIVE_ARCH = YES;
				SDKROOT = iphoneos;
				SWIFT_OPTIMIZATION_LEVEL = "-Onone";
				SWIFT_VERSION = 3.0;
			};
			name = Debug;
		};
		607FACEE1AFB9204008FA782 /* Release */ = {
			isa = XCBuildConfiguration;
			buildSettings = {
				ALWAYS_SEARCH_USER_PATHS = NO;
				CLANG_CXX_LANGUAGE_STANDARD = "gnu++0x";
				CLANG_CXX_LIBRARY = "libc++";
				CLANG_ENABLE_MODULES = YES;
				CLANG_ENABLE_OBJC_ARC = YES;
				CLANG_WARN_BOOL_CONVERSION = YES;
				CLANG_WARN_CONSTANT_CONVERSION = YES;
				CLANG_WARN_DIRECT_OBJC_ISA_USAGE = YES_ERROR;
				CLANG_WARN_EMPTY_BODY = YES;
				CLANG_WARN_ENUM_CONVERSION = YES;
				CLANG_WARN_INFINITE_RECURSION = YES;
				CLANG_WARN_INT_CONVERSION = YES;
				CLANG_WARN_OBJC_ROOT_CLASS = YES_ERROR;
				CLANG_WARN_SUSPICIOUS_MOVE = YES;
				CLANG_WARN_UNREACHABLE_CODE = YES;
				CLANG_WARN__DUPLICATE_METHOD_MATCH = YES;
				"CODE_SIGN_IDENTITY[sdk=iphoneos*]" = "iPhone Developer";
				COPY_PHASE_STRIP = NO;
				DEBUG_INFORMATION_FORMAT = "dwarf-with-dsym";
				ENABLE_NS_ASSERTIONS = NO;
				ENABLE_STRICT_OBJC_MSGSEND = YES;
				GCC_C_LANGUAGE_STANDARD = gnu99;
				GCC_NO_COMMON_BLOCKS = YES;
				GCC_WARN_64_TO_32_BIT_CONVERSION = YES;
				GCC_WARN_ABOUT_RETURN_TYPE = YES_ERROR;
				GCC_WARN_UNDECLARED_SELECTOR = YES;
				GCC_WARN_UNINITIALIZED_AUTOS = YES_AGGRESSIVE;
				GCC_WARN_UNUSED_FUNCTION = YES;
				GCC_WARN_UNUSED_VARIABLE = YES;
				IPHONEOS_DEPLOYMENT_TARGET = 8.3;
				MTL_ENABLE_DEBUG_INFO = NO;
				SDKROOT = iphoneos;
				SWIFT_OPTIMIZATION_LEVEL = "-Owholemodule";
				SWIFT_VERSION = 3.0;
				VALIDATE_PRODUCT = YES;
			};
			name = Release;
		};
		607FACF01AFB9204008FA782 /* Debug */ = {
			isa = XCBuildConfiguration;
			baseConfigurationReference = C4504917FA67D5B0B3EABDCC /* Pods-SwiftyDB_Example.debug.xcconfig */;
			buildSettings = {
				ASSETCATALOG_COMPILER_APPICON_NAME = AppIcon;
				DEVELOPMENT_TEAM = FXWNTJ4XVX;
				INFOPLIST_FILE = SwiftyDB/Info.plist;
				LD_RUNPATH_SEARCH_PATHS = "$(inherited) @executable_path/Frameworks";
				MODULE_NAME = ExampleApp;
				PRODUCT_BUNDLE_IDENTIFIER = "org.cocoapods.demo.$(PRODUCT_NAME:rfc1034identifier)";
				PRODUCT_MODULE_NAME = SwiftyDB_Example;
				PRODUCT_NAME = "$(TARGET_NAME)";
			};
			name = Debug;
		};
		607FACF11AFB9204008FA782 /* Release */ = {
			isa = XCBuildConfiguration;
			baseConfigurationReference = FA21C03FE49807406715C2C1 /* Pods-SwiftyDB_Example.release.xcconfig */;
			buildSettings = {
				ASSETCATALOG_COMPILER_APPICON_NAME = AppIcon;
				DEVELOPMENT_TEAM = FXWNTJ4XVX;
				INFOPLIST_FILE = SwiftyDB/Info.plist;
				LD_RUNPATH_SEARCH_PATHS = "$(inherited) @executable_path/Frameworks";
				MODULE_NAME = ExampleApp;
				PRODUCT_BUNDLE_IDENTIFIER = "org.cocoapods.demo.$(PRODUCT_NAME:rfc1034identifier)";
				PRODUCT_MODULE_NAME = SwiftyDB_Example;
				PRODUCT_NAME = "$(TARGET_NAME)";
			};
			name = Release;
		};
		607FACF31AFB9204008FA782 /* Debug */ = {
			isa = XCBuildConfiguration;
			baseConfigurationReference = E021258CBDCE36471E186F09 /* Pods-SwiftyDB_Tests.debug.xcconfig */;
			buildSettings = {
				FRAMEWORK_SEARCH_PATHS = (
					"$(SDKROOT)/Developer/Library/Frameworks",
					"$(inherited)",
				);
				GCC_PREPROCESSOR_DEFINITIONS = (
					"DEBUG=1",
					"$(inherited)",
				);
				INFOPLIST_FILE = ../SwiftyDB/Tests/Info.plist;
				LD_RUNPATH_SEARCH_PATHS = "$(inherited) @executable_path/Frameworks @loader_path/Frameworks";
				PRODUCT_BUNDLE_IDENTIFIER = "org.cocoapods.$(PRODUCT_NAME:rfc1034identifier)";
				PRODUCT_NAME = "$(TARGET_NAME)";
				SWIFT_VERSION = 3.0;
				TEST_HOST = "$(BUILT_PRODUCTS_DIR)/SwiftyDB_Example.app/SwiftyDB_Example";
			};
			name = Debug;
		};
		607FACF41AFB9204008FA782 /* Release */ = {
			isa = XCBuildConfiguration;
			baseConfigurationReference = 0862094CD83CCC68F5866600 /* Pods-SwiftyDB_Tests.release.xcconfig */;
			buildSettings = {
				FRAMEWORK_SEARCH_PATHS = (
					"$(SDKROOT)/Developer/Library/Frameworks",
					"$(inherited)",
				);
				INFOPLIST_FILE = ../SwiftyDB/Tests/Info.plist;
				LD_RUNPATH_SEARCH_PATHS = "$(inherited) @executable_path/Frameworks @loader_path/Frameworks";
				PRODUCT_BUNDLE_IDENTIFIER = "org.cocoapods.$(PRODUCT_NAME:rfc1034identifier)";
				PRODUCT_NAME = "$(TARGET_NAME)";
				SWIFT_OPTIMIZATION_LEVEL = "-Onone";
				SWIFT_VERSION = 3.0;
				TEST_HOST = "$(BUILT_PRODUCTS_DIR)/SwiftyDB_Example.app/SwiftyDB_Example";
			};
			name = Release;
		};
/* End XCBuildConfiguration section */

/* Begin XCConfigurationList section */
		607FACCB1AFB9204008FA782 /* Build configuration list for PBXProject "SwiftyDB" */ = {
			isa = XCConfigurationList;
			buildConfigurations = (
				607FACED1AFB9204008FA782 /* Debug */,
				607FACEE1AFB9204008FA782 /* Release */,
			);
			defaultConfigurationIsVisible = 0;
			defaultConfigurationName = Release;
		};
		607FACEF1AFB9204008FA782 /* Build configuration list for PBXNativeTarget "SwiftyDB_Example" */ = {
			isa = XCConfigurationList;
			buildConfigurations = (
				607FACF01AFB9204008FA782 /* Debug */,
				607FACF11AFB9204008FA782 /* Release */,
			);
			defaultConfigurationIsVisible = 0;
			defaultConfigurationName = Release;
		};
		607FACF21AFB9204008FA782 /* Build configuration list for PBXNativeTarget "SwiftyDB_Tests" */ = {
			isa = XCConfigurationList;
			buildConfigurations = (
				607FACF31AFB9204008FA782 /* Debug */,
				607FACF41AFB9204008FA782 /* Release */,
			);
			defaultConfigurationIsVisible = 0;
			defaultConfigurationName = Release;
		};
/* End XCConfigurationList section */
	};
	rootObject = 607FACC81AFB9204008FA782 /* Project object */;
}
