// !$*UTF8*$!
{
	archiveVersion = 1;
	classes = {
	};
	objectVersion = 46;
	objects = {

/* Begin PBXBuildFile section */
		152E7F9F1FE5B4FDB8BDDD5E /* Pods_SwiftyDB_Example.framework in Frameworks */ = {isa = PBXBuildFile; fileRef = A3FBA7E18EE80DA2FAE16642 /* Pods_SwiftyDB_Example.framework */; };
		395673771D759FB8004F2BD8 /* SQLiteDatatypeTests.swift in Sources */ = {isa = PBXBuildFile; fileRef = 395673751D759FAB004F2BD8 /* SQLiteDatatypeTests.swift */; };
		395673791D75A32B004F2BD8 /* SQLiteQueryTests.swift in Sources */ = {isa = PBXBuildFile; fileRef = 395673781D75A32B004F2BD8 /* SQLiteQueryTests.swift */; };
		3956737B1D75A936004F2BD8 /* SwiftyTests.swift in Sources */ = {isa = PBXBuildFile; fileRef = 3956737A1D75A936004F2BD8 /* SwiftyTests.swift */; };
		3956737D1D75BC1A004F2BD8 /* TestClass.swift in Sources */ = {isa = PBXBuildFile; fileRef = 3956737C1D75BC1A004F2BD8 /* TestClass.swift */; };
		3978ECB81D8435610019928A /* CHANGELOG.md in Sources */ = {isa = PBXBuildFile; fileRef = 3978ECB71D8435610019928A /* CHANGELOG.md */; };
		399C483C1D745567006393B5 /* QueryTests.swift in Sources */ = {isa = PBXBuildFile; fileRef = 399C483A1D745554006393B5 /* QueryTests.swift */; };
		399C483D1D74556B006393B5 /* ObjectDatabaseMock.swift in Sources */ = {isa = PBXBuildFile; fileRef = 399C48381D745326006393B5 /* ObjectDatabaseMock.swift */; };
		399C48431D7456F5006393B5 /* Stark.swift in Sources */ = {isa = PBXBuildFile; fileRef = 399C483F1D745604006393B5 /* Stark.swift */; };
		399C48441D7456F9006393B5 /* Wolf.swift in Sources */ = {isa = PBXBuildFile; fileRef = 399C48411D745664006393B5 /* Wolf.swift */; };
		399C48471D745B29006393B5 /* Dog.swift in Sources */ = {isa = PBXBuildFile; fileRef = 399C48461D745B29006393B5 /* Dog.swift */; };
		399C48491D745B50006393B5 /* Bone.swift in Sources */ = {isa = PBXBuildFile; fileRef = 399C48481D745B50006393B5 /* Bone.swift */; };
		399C48531D7492D1006393B5 /* SQLiteQueryFactoryTests.swift in Sources */ = {isa = PBXBuildFile; fileRef = 399C48511D7492CB006393B5 /* SQLiteQueryFactoryTests.swift */; };
		39F3CE8A1D73384000B87982 /* FilterOperatorsTests.swift in Sources */ = {isa = PBXBuildFile; fileRef = 39F3CE791D72F22D00B87982 /* FilterOperatorsTests.swift */; };
		39F3CE8D1D73487B00B87982 /* Equatable.swift in Sources */ = {isa = PBXBuildFile; fileRef = 39F3CE8B1D73476500B87982 /* Equatable.swift */; };
		39F3CE971D744F0300B87982 /* ExpressionTests.swift in Sources */ = {isa = PBXBuildFile; fileRef = 39F3CE951D744EDD00B87982 /* ExpressionTests.swift */; };
		39F746231D84302C00DB4362 /* Database.swift in Sources */ = {isa = PBXBuildFile; fileRef = 39F745C91D84302C00DB4362 /* Database.swift */; };
		39F746241D84302C00DB4362 /* DatabaseIndexerType.swift in Sources */ = {isa = PBXBuildFile; fileRef = 39F745CA1D84302C00DB4362 /* DatabaseIndexerType.swift */; };
		39F746251D84302C00DB4362 /* ObjectSerializer.swift in Sources */ = {isa = PBXBuildFile; fileRef = 39F745CB1D84302C00DB4362 /* ObjectSerializer.swift */; };
		39F746261D84302C00DB4362 /* DatabaseMigratorType.swift in Sources */ = {isa = PBXBuildFile; fileRef = 39F745CD1D84302C00DB4362 /* DatabaseMigratorType.swift */; };
		39F746271D84302C00DB4362 /* Identifiable.swift in Sources */ = {isa = PBXBuildFile; fileRef = 39F745CE1D84302C00DB4362 /* Identifiable.swift */; };
		39F746281D84302C00DB4362 /* ObjectSerializerType.swift in Sources */ = {isa = PBXBuildFile; fileRef = 39F745CF1D84302C00DB4362 /* ObjectSerializerType.swift */; };
		39F746291D84302C00DB4362 /* Storeable.swift in Sources */ = {isa = PBXBuildFile; fileRef = 39F745D01D84302C00DB4362 /* Storeable.swift */; };
		39F7462A1D84302C00DB4362 /* StoreableArrayType.swift in Sources */ = {isa = PBXBuildFile; fileRef = 39F745D11D84302C00DB4362 /* StoreableArrayType.swift */; };
		39F7462B1D84302C00DB4362 /* SQLiteDatabaseDeleter.swift in Sources */ = {isa = PBXBuildFile; fileRef = 39F745D41D84302C00DB4362 /* SQLiteDatabaseDeleter.swift */; };
		39F7462C1D84302C00DB4362 /* SQLiteDatabaseIndexCreator.swift in Sources */ = {isa = PBXBuildFile; fileRef = 39F745D51D84302C00DB4362 /* SQLiteDatabaseIndexCreator.swift */; };
		39F7462D1D84302C00DB4362 /* SQLiteDatabaseMigrator.swift in Sources */ = {isa = PBXBuildFile; fileRef = 39F745D61D84302C00DB4362 /* SQLiteDatabaseMigrator.swift */; };
		39F7462E1D84302C00DB4362 /* SQLiteDatabaseObjectAdder.swift in Sources */ = {isa = PBXBuildFile; fileRef = 39F745D71D84302C00DB4362 /* SQLiteDatabaseObjectAdder.swift */; };
		39F7462F1D84302C00DB4362 /* SQLiteDatabaseRetriever.swift in Sources */ = {isa = PBXBuildFile; fileRef = 39F745D81D84302C00DB4362 /* SQLiteDatabaseRetriever.swift */; };
		39F746301D84302C00DB4362 /* SQLiteDatabaseTableCreator.swift in Sources */ = {isa = PBXBuildFile; fileRef = 39F745D91D84302C00DB4362 /* SQLiteDatabaseTableCreator.swift */; };
		39F746311D84302C00DB4362 /* SQLiteDatabase.swift in Sources */ = {isa = PBXBuildFile; fileRef = 39F745DA1D84302C00DB4362 /* SQLiteDatabase.swift */; };
		39F746321D84302C00DB4362 /* SQLiteQuery.swift in Sources */ = {isa = PBXBuildFile; fileRef = 39F745DB1D84302C00DB4362 /* SQLiteQuery.swift */; };
		39F746331D84302C00DB4362 /* HasStoreable.swift in Sources */ = {isa = PBXBuildFile; fileRef = 39F745DD1D84302C00DB4362 /* HasStoreable.swift */; };
		39F746341D84302C00DB4362 /* HasValue.swift in Sources */ = {isa = PBXBuildFile; fileRef = 39F745DE1D84302C00DB4362 /* HasValue.swift */; };
		39F746351D84302C00DB4362 /* JSONSerialisation.swift in Sources */ = {isa = PBXBuildFile; fileRef = 39F745DF1D84302C00DB4362 /* JSONSerialisation.swift */; };
		39F746361D84302C00DB4362 /* SQLiteDatatype.swift in Sources */ = {isa = PBXBuildFile; fileRef = 39F745E01D84302C00DB4362 /* SQLiteDatatype.swift */; };
		39F746371D84302C00DB4362 /* SQLiteFilterStatement.swift in Sources */ = {isa = PBXBuildFile; fileRef = 39F745E11D84302C00DB4362 /* SQLiteFilterStatement.swift */; };
		39F746381D84302C00DB4362 /* SQLiteQueryFactory.swift in Sources */ = {isa = PBXBuildFile; fileRef = 39F745E21D84302C00DB4362 /* SQLiteQueryFactory.swift */; };
		39F746391D84302C00DB4362 /* Index.swift in Sources */ = {isa = PBXBuildFile; fileRef = 39F745E41D84302C00DB4362 /* Index.swift */; };
		39F7463A1D84302C00DB4362 /* Indexer.swift in Sources */ = {isa = PBXBuildFile; fileRef = 39F745E51D84302C00DB4362 /* Indexer.swift */; };
		39F7463B1D84302C00DB4362 /* IndexingUtils.swift in Sources */ = {isa = PBXBuildFile; fileRef = 39F745E61D84302C00DB4362 /* IndexingUtils.swift */; };
		39F7463C1D84302C00DB4362 /* IndexInstance.swift in Sources */ = {isa = PBXBuildFile; fileRef = 39F745E71D84302C00DB4362 /* IndexInstance.swift */; };
		39F7463D1D84302C00DB4362 /* Indexable.swift in Sources */ = {isa = PBXBuildFile; fileRef = 39F745E91D84302C00DB4362 /* Indexable.swift */; };
		39F7463E1D84302C00DB4362 /* IndexerType.swift in Sources */ = {isa = PBXBuildFile; fileRef = 39F745EA1D84302C00DB4362 /* IndexerType.swift */; };
		39F7463F1D84302C00DB4362 /* IndexInstanceType.swift in Sources */ = {isa = PBXBuildFile; fileRef = 39F745EB1D84302C00DB4362 /* IndexInstanceType.swift */; };
		39F746401D84302C00DB4362 /* IndexType.swift in Sources */ = {isa = PBXBuildFile; fileRef = 39F745EC1D84302C00DB4362 /* IndexType.swift */; };
		39F746411D84302C00DB4362 /* Injector.swift in Sources */ = {isa = PBXBuildFile; fileRef = 39F745EE1D84302C00DB4362 /* Injector.swift */; };
		39F746421D84302C00DB4362 /* Mapper.swift in Sources */ = {isa = PBXBuildFile; fileRef = 39F745F01D84302C00DB4362 /* Mapper.swift */; };
		39F746431D84302C00DB4362 /* BaseMap.swift in Sources */ = {isa = PBXBuildFile; fileRef = 39F745F21D84302C00DB4362 /* BaseMap.swift */; };
		39F746441D84302C00DB4362 /* Reader.swift in Sources */ = {isa = PBXBuildFile; fileRef = 39F745F31D84302C00DB4362 /* Reader.swift */; };
		39F746451D84302C00DB4362 /* Writer.swift in Sources */ = {isa = PBXBuildFile; fileRef = 39F745F41D84302C00DB4362 /* Writer.swift */; };
		39F746461D84302C00DB4362 /* MappableOperators.swift in Sources */ = {isa = PBXBuildFile; fileRef = 39F745F61D84302C00DB4362 /* MappableOperators.swift */; };
		39F746471D84302C00DB4362 /* RawRepresentableOperators.swift in Sources */ = {isa = PBXBuildFile; fileRef = 39F745F71D84302C00DB4362 /* RawRepresentableOperators.swift */; };
		39F746481D84302C00DB4362 /* StoreableValueOperators.swift in Sources */ = {isa = PBXBuildFile; fileRef = 39F745F81D84302C00DB4362 /* StoreableValueOperators.swift */; };
		39F746491D84302C00DB4362 /* Mappable.swift in Sources */ = {isa = PBXBuildFile; fileRef = 39F745FA1D84302C00DB4362 /* Mappable.swift */; };
		39F7464A1D84302C00DB4362 /* MapType.swift in Sources */ = {isa = PBXBuildFile; fileRef = 39F745FB1D84302C00DB4362 /* MapType.swift */; };
		39F7464B1D84302C00DB4362 /* StoreableValue.swift in Sources */ = {isa = PBXBuildFile; fileRef = 39F745FC1D84302C00DB4362 /* StoreableValue.swift */; };
		39F7464C1D84302C00DB4362 /* StoreableBool.swift in Sources */ = {isa = PBXBuildFile; fileRef = 39F745FE1D84302C00DB4362 /* StoreableBool.swift */; };
		39F7464D1D84302C00DB4362 /* StoreableCharacter.swift in Sources */ = {isa = PBXBuildFile; fileRef = 39F745FF1D84302C00DB4362 /* StoreableCharacter.swift */; };
		39F7464E1D84302C00DB4362 /* StoreableDouble.swift in Sources */ = {isa = PBXBuildFile; fileRef = 39F746001D84302C00DB4362 /* StoreableDouble.swift */; };
		39F7464F1D84302C00DB4362 /* StoreableFloat.swift in Sources */ = {isa = PBXBuildFile; fileRef = 39F746011D84302C00DB4362 /* StoreableFloat.swift */; };
		39F746501D84302C00DB4362 /* StoreableIntegersSigned.swift in Sources */ = {isa = PBXBuildFile; fileRef = 39F746021D84302C00DB4362 /* StoreableIntegersSigned.swift */; };
		39F746511D84302C00DB4362 /* StoreableIntegersUnsigned.swift in Sources */ = {isa = PBXBuildFile; fileRef = 39F746031D84302C00DB4362 /* StoreableIntegersUnsigned.swift */; };
		39F746521D84302C00DB4362 /* StoreableNSData.swift in Sources */ = {isa = PBXBuildFile; fileRef = 39F746041D84302C00DB4362 /* StoreableNSData.swift */; };
		39F746531D84302C00DB4362 /* StoreableNSDate.swift in Sources */ = {isa = PBXBuildFile; fileRef = 39F746051D84302C00DB4362 /* StoreableNSDate.swift */; };
		39F746541D84302C00DB4362 /* StoreableNSNumber.swift in Sources */ = {isa = PBXBuildFile; fileRef = 39F746061D84302C00DB4362 /* StoreableNSNumber.swift */; };
		39F746551D84302C00DB4362 /* StoreableString.swift in Sources */ = {isa = PBXBuildFile; fileRef = 39F746071D84302C00DB4362 /* StoreableString.swift */; };
		39F746561D84302C00DB4362 /* StoreableValueConvertible.swift in Sources */ = {isa = PBXBuildFile; fileRef = 39F746081D84302C00DB4362 /* StoreableValueConvertible.swift */; };
		39F746571D84302C00DB4362 /* Migration.swift in Sources */ = {isa = PBXBuildFile; fileRef = 39F7460A1D84302C00DB4362 /* Migration.swift */; };
		39F746581D84302C00DB4362 /* MigrationUtils.swift in Sources */ = {isa = PBXBuildFile; fileRef = 39F7460B1D84302C00DB4362 /* MigrationUtils.swift */; };
		39F746591D84302C00DB4362 /* Migrator.swift in Sources */ = {isa = PBXBuildFile; fileRef = 39F7460C1D84302C00DB4362 /* Migrator.swift */; };
		39F7465A1D84302C00DB4362 /* PropertyMigration.swift in Sources */ = {isa = PBXBuildFile; fileRef = 39F7460D1D84302C00DB4362 /* PropertyMigration.swift */; };
		39F7465B1D84302C00DB4362 /* Migratable.swift in Sources */ = {isa = PBXBuildFile; fileRef = 39F7460F1D84302C00DB4362 /* Migratable.swift */; };
		39F7465C1D84302C00DB4362 /* MigrationType.swift in Sources */ = {isa = PBXBuildFile; fileRef = 39F746101D84302C00DB4362 /* MigrationType.swift */; };
		39F7465D1D84302C00DB4362 /* MigratorType.swift in Sources */ = {isa = PBXBuildFile; fileRef = 39F746111D84302C00DB4362 /* MigratorType.swift */; };
		39F7465E1D84302C00DB4362 /* PropertyMigrationType.swift in Sources */ = {isa = PBXBuildFile; fileRef = 39F746121D84302C00DB4362 /* PropertyMigrationType.swift */; };
		39F7465F1D84302C00DB4362 /* TypeInformation.swift in Sources */ = {isa = PBXBuildFile; fileRef = 39F746131D84302C00DB4362 /* TypeInformation.swift */; };
		39F746601D84302C00DB4362 /* Configuration.swift in Sources */ = {isa = PBXBuildFile; fileRef = 39F746151D84302C00DB4362 /* Configuration.swift */; };
		39F746611D84302C00DB4362 /* ObjectDatabase.swift in Sources */ = {isa = PBXBuildFile; fileRef = 39F746161D84302C00DB4362 /* ObjectDatabase.swift */; };
		39F746621D84302C00DB4362 /* FilterOperators.swift in Sources */ = {isa = PBXBuildFile; fileRef = 39F746181D84302C00DB4362 /* FilterOperators.swift */; };
		39F746631D84302C00DB4362 /* FilterStatement.swift in Sources */ = {isa = PBXBuildFile; fileRef = 39F746191D84302C00DB4362 /* FilterStatement.swift */; };
		39F746641D84302C00DB4362 /* Query.swift in Sources */ = {isa = PBXBuildFile; fileRef = 39F7461A1D84302C00DB4362 /* Query.swift */; };
		39F746651D84302C00DB4362 /* Sorting.swift in Sources */ = {isa = PBXBuildFile; fileRef = 39F7461B1D84302C00DB4362 /* Sorting.swift */; };
		39F746661D84302C00DB4362 /* Result.swift in Sources */ = {isa = PBXBuildFile; fileRef = 39F7461C1D84302C00DB4362 /* Result.swift */; };
		39F746671D84302C00DB4362 /* Swifty.swift in Sources */ = {isa = PBXBuildFile; fileRef = 39F7461D1D84302C00DB4362 /* Swifty.swift */; };
		39F746681D84302C00DB4362 /* SwiftyError.swift in Sources */ = {isa = PBXBuildFile; fileRef = 39F7461E1D84302C00DB4362 /* SwiftyError.swift */; };
		39F746691D84302C00DB4362 /* ArrayExtensions.swift in Sources */ = {isa = PBXBuildFile; fileRef = 39F746201D84302C00DB4362 /* ArrayExtensions.swift */; };
		39F7466A1D84302C00DB4362 /* Map+Storeable.swift in Sources */ = {isa = PBXBuildFile; fileRef = 39F746211D84302C00DB4362 /* Map+Storeable.swift */; };
		607FACD61AFB9204008FA782 /* AppDelegate.swift in Sources */ = {isa = PBXBuildFile; fileRef = 607FACD51AFB9204008FA782 /* AppDelegate.swift */; };
		607FACD81AFB9204008FA782 /* ViewController.swift in Sources */ = {isa = PBXBuildFile; fileRef = 607FACD71AFB9204008FA782 /* ViewController.swift */; };
		607FACDB1AFB9204008FA782 /* Main.storyboard in Resources */ = {isa = PBXBuildFile; fileRef = 607FACD91AFB9204008FA782 /* Main.storyboard */; };
		607FACDD1AFB9204008FA782 /* Images.xcassets in Resources */ = {isa = PBXBuildFile; fileRef = 607FACDC1AFB9204008FA782 /* Images.xcassets */; };
		607FACE01AFB9204008FA782 /* LaunchScreen.xib in Resources */ = {isa = PBXBuildFile; fileRef = 607FACDE1AFB9204008FA782 /* LaunchScreen.xib */; };
		99277DEB8B00907B66284EAE /* Pods_SwiftyDB_Tests.framework in Frameworks */ = {isa = PBXBuildFile; fileRef = A5CCECA7BB6B539558377C49 /* Pods_SwiftyDB_Tests.framework */; };
/* End PBXBuildFile section */

/* Begin PBXContainerItemProxy section */
		607FACE61AFB9204008FA782 /* PBXContainerItemProxy */ = {
			isa = PBXContainerItemProxy;
			containerPortal = 607FACC81AFB9204008FA782 /* Project object */;
			proxyType = 1;
			remoteGlobalIDString = 607FACCF1AFB9204008FA782;
			remoteInfo = SwiftyDB;
		};
/* End PBXContainerItemProxy section */

/* Begin PBXFileReference section */
		0862094CD83CCC68F5866600 /* Pods-SwiftyDB_Tests.release.xcconfig */ = {isa = PBXFileReference; includeInIndex = 1; lastKnownFileType = text.xcconfig; name = "Pods-SwiftyDB_Tests.release.xcconfig"; path = "Pods/Target Support Files/Pods-SwiftyDB_Tests/Pods-SwiftyDB_Tests.release.xcconfig"; sourceTree = "<group>"; };
		395673751D759FAB004F2BD8 /* SQLiteDatatypeTests.swift */ = {isa = PBXFileReference; fileEncoding = 4; lastKnownFileType = sourcecode.swift; name = SQLiteDatatypeTests.swift; path = Database/SQLite/SQLiteDatatypeTests.swift; sourceTree = "<group>"; };
		395673781D75A32B004F2BD8 /* SQLiteQueryTests.swift */ = {isa = PBXFileReference; fileEncoding = 4; lastKnownFileType = sourcecode.swift; name = SQLiteQueryTests.swift; path = Database/SQLite/SQLiteQueryTests.swift; sourceTree = "<group>"; };
		3956737A1D75A936004F2BD8 /* SwiftyTests.swift */ = {isa = PBXFileReference; fileEncoding = 4; lastKnownFileType = sourcecode.swift; name = SwiftyTests.swift; path = Swifty/SwiftyTests.swift; sourceTree = "<group>"; };
		3956737C1D75BC1A004F2BD8 /* TestClass.swift */ = {isa = PBXFileReference; fileEncoding = 4; lastKnownFileType = sourcecode.swift; name = TestClass.swift; path = Swifty/Storeables/TestClass.swift; sourceTree = "<group>"; };
		3978ECB71D8435610019928A /* CHANGELOG.md */ = {isa = PBXFileReference; fileEncoding = 4; lastKnownFileType = net.daringfireball.markdown; name = CHANGELOG.md; path = ../CHANGELOG.md; sourceTree = "<group>"; };
		399C48381D745326006393B5 /* ObjectDatabaseMock.swift */ = {isa = PBXFileReference; fileEncoding = 4; lastKnownFileType = sourcecode.swift; name = ObjectDatabaseMock.swift; path = Swifty/Filter/Mocks/ObjectDatabaseMock.swift; sourceTree = "<group>"; };
		399C483A1D745554006393B5 /* QueryTests.swift */ = {isa = PBXFileReference; fileEncoding = 4; lastKnownFileType = sourcecode.swift; name = QueryTests.swift; path = Swifty/Filter/QueryTests.swift; sourceTree = "<group>"; };
		399C483F1D745604006393B5 /* Stark.swift */ = {isa = PBXFileReference; fileEncoding = 4; lastKnownFileType = sourcecode.swift; name = Stark.swift; path = Swifty/Storeables/Stark.swift; sourceTree = "<group>"; };
		399C48411D745664006393B5 /* Wolf.swift */ = {isa = PBXFileReference; fileEncoding = 4; lastKnownFileType = sourcecode.swift; name = Wolf.swift; path = Swifty/Storeables/Wolf.swift; sourceTree = "<group>"; };
		399C48461D745B29006393B5 /* Dog.swift */ = {isa = PBXFileReference; fileEncoding = 4; lastKnownFileType = sourcecode.swift; name = Dog.swift; path = Models/Dog.swift; sourceTree = "<group>"; };
		399C48481D745B50006393B5 /* Bone.swift */ = {isa = PBXFileReference; fileEncoding = 4; lastKnownFileType = sourcecode.swift; name = Bone.swift; path = Models/Bone.swift; sourceTree = "<group>"; };
		399C48511D7492CB006393B5 /* SQLiteQueryFactoryTests.swift */ = {isa = PBXFileReference; fileEncoding = 4; lastKnownFileType = sourcecode.swift; name = SQLiteQueryFactoryTests.swift; path = Database/SQLite/SQLiteQueryFactoryTests.swift; sourceTree = "<group>"; };
		39F3CE791D72F22D00B87982 /* FilterOperatorsTests.swift */ = {isa = PBXFileReference; fileEncoding = 4; lastKnownFileType = sourcecode.swift; name = FilterOperatorsTests.swift; path = Swifty/Filter/FilterOperatorsTests.swift; sourceTree = "<group>"; };
		39F3CE8B1D73476500B87982 /* Equatable.swift */ = {isa = PBXFileReference; fileEncoding = 4; lastKnownFileType = sourcecode.swift; name = Equatable.swift; path = Swifty/Filter/Equatable.swift; sourceTree = "<group>"; };
		39F3CE951D744EDD00B87982 /* ExpressionTests.swift */ = {isa = PBXFileReference; fileEncoding = 4; lastKnownFileType = sourcecode.swift; name = ExpressionTests.swift; path = Swifty/Filter/ExpressionTests.swift; sourceTree = "<group>"; };
		39F745C91D84302C00DB4362 /* Database.swift */ = {isa = PBXFileReference; fileEncoding = 4; lastKnownFileType = sourcecode.swift; path = Database.swift; sourceTree = "<group>"; };
		39F745CA1D84302C00DB4362 /* DatabaseIndexerType.swift */ = {isa = PBXFileReference; fileEncoding = 4; lastKnownFileType = sourcecode.swift; path = DatabaseIndexerType.swift; sourceTree = "<group>"; };
		39F745CB1D84302C00DB4362 /* ObjectSerializer.swift */ = {isa = PBXFileReference; fileEncoding = 4; lastKnownFileType = sourcecode.swift; path = ObjectSerializer.swift; sourceTree = "<group>"; };
		39F745CD1D84302C00DB4362 /* DatabaseMigratorType.swift */ = {isa = PBXFileReference; fileEncoding = 4; lastKnownFileType = sourcecode.swift; path = DatabaseMigratorType.swift; sourceTree = "<group>"; };
		39F745CE1D84302C00DB4362 /* Identifiable.swift */ = {isa = PBXFileReference; fileEncoding = 4; lastKnownFileType = sourcecode.swift; path = Identifiable.swift; sourceTree = "<group>"; };
		39F745CF1D84302C00DB4362 /* ObjectSerializerType.swift */ = {isa = PBXFileReference; fileEncoding = 4; lastKnownFileType = sourcecode.swift; path = ObjectSerializerType.swift; sourceTree = "<group>"; };
		39F745D01D84302C00DB4362 /* Storeable.swift */ = {isa = PBXFileReference; fileEncoding = 4; lastKnownFileType = sourcecode.swift; path = Storeable.swift; sourceTree = "<group>"; };
		39F745D11D84302C00DB4362 /* StoreableArrayType.swift */ = {isa = PBXFileReference; fileEncoding = 4; lastKnownFileType = sourcecode.swift; path = StoreableArrayType.swift; sourceTree = "<group>"; };
		39F745D41D84302C00DB4362 /* SQLiteDatabaseDeleter.swift */ = {isa = PBXFileReference; fileEncoding = 4; lastKnownFileType = sourcecode.swift; path = SQLiteDatabaseDeleter.swift; sourceTree = "<group>"; };
		39F745D51D84302C00DB4362 /* SQLiteDatabaseIndexCreator.swift */ = {isa = PBXFileReference; fileEncoding = 4; lastKnownFileType = sourcecode.swift; path = SQLiteDatabaseIndexCreator.swift; sourceTree = "<group>"; };
		39F745D61D84302C00DB4362 /* SQLiteDatabaseMigrator.swift */ = {isa = PBXFileReference; fileEncoding = 4; lastKnownFileType = sourcecode.swift; path = SQLiteDatabaseMigrator.swift; sourceTree = "<group>"; };
		39F745D71D84302C00DB4362 /* SQLiteDatabaseObjectAdder.swift */ = {isa = PBXFileReference; fileEncoding = 4; lastKnownFileType = sourcecode.swift; path = SQLiteDatabaseObjectAdder.swift; sourceTree = "<group>"; };
		39F745D81D84302C00DB4362 /* SQLiteDatabaseRetriever.swift */ = {isa = PBXFileReference; fileEncoding = 4; lastKnownFileType = sourcecode.swift; path = SQLiteDatabaseRetriever.swift; sourceTree = "<group>"; };
		39F745D91D84302C00DB4362 /* SQLiteDatabaseTableCreator.swift */ = {isa = PBXFileReference; fileEncoding = 4; lastKnownFileType = sourcecode.swift; path = SQLiteDatabaseTableCreator.swift; sourceTree = "<group>"; };
		39F745DA1D84302C00DB4362 /* SQLiteDatabase.swift */ = {isa = PBXFileReference; fileEncoding = 4; lastKnownFileType = sourcecode.swift; path = SQLiteDatabase.swift; sourceTree = "<group>"; };
		39F745DB1D84302C00DB4362 /* SQLiteQuery.swift */ = {isa = PBXFileReference; fileEncoding = 4; lastKnownFileType = sourcecode.swift; path = SQLiteQuery.swift; sourceTree = "<group>"; };
		39F745DD1D84302C00DB4362 /* HasStoreable.swift */ = {isa = PBXFileReference; fileEncoding = 4; lastKnownFileType = sourcecode.swift; path = HasStoreable.swift; sourceTree = "<group>"; };
		39F745DE1D84302C00DB4362 /* HasValue.swift */ = {isa = PBXFileReference; fileEncoding = 4; lastKnownFileType = sourcecode.swift; path = HasValue.swift; sourceTree = "<group>"; };
		39F745DF1D84302C00DB4362 /* JSONSerialisation.swift */ = {isa = PBXFileReference; fileEncoding = 4; lastKnownFileType = sourcecode.swift; path = JSONSerialisation.swift; sourceTree = "<group>"; };
		39F745E01D84302C00DB4362 /* SQLiteDatatype.swift */ = {isa = PBXFileReference; fileEncoding = 4; lastKnownFileType = sourcecode.swift; path = SQLiteDatatype.swift; sourceTree = "<group>"; };
		39F745E11D84302C00DB4362 /* SQLiteFilterStatement.swift */ = {isa = PBXFileReference; fileEncoding = 4; lastKnownFileType = sourcecode.swift; path = SQLiteFilterStatement.swift; sourceTree = "<group>"; };
		39F745E21D84302C00DB4362 /* SQLiteQueryFactory.swift */ = {isa = PBXFileReference; fileEncoding = 4; lastKnownFileType = sourcecode.swift; path = SQLiteQueryFactory.swift; sourceTree = "<group>"; };
		39F745E41D84302C00DB4362 /* Index.swift */ = {isa = PBXFileReference; fileEncoding = 4; lastKnownFileType = sourcecode.swift; path = Index.swift; sourceTree = "<group>"; };
		39F745E51D84302C00DB4362 /* Indexer.swift */ = {isa = PBXFileReference; fileEncoding = 4; lastKnownFileType = sourcecode.swift; path = Indexer.swift; sourceTree = "<group>"; };
		39F745E61D84302C00DB4362 /* IndexingUtils.swift */ = {isa = PBXFileReference; fileEncoding = 4; lastKnownFileType = sourcecode.swift; path = IndexingUtils.swift; sourceTree = "<group>"; };
		39F745E71D84302C00DB4362 /* IndexInstance.swift */ = {isa = PBXFileReference; fileEncoding = 4; lastKnownFileType = sourcecode.swift; path = IndexInstance.swift; sourceTree = "<group>"; };
		39F745E91D84302C00DB4362 /* Indexable.swift */ = {isa = PBXFileReference; fileEncoding = 4; lastKnownFileType = sourcecode.swift; path = Indexable.swift; sourceTree = "<group>"; };
		39F745EA1D84302C00DB4362 /* IndexerType.swift */ = {isa = PBXFileReference; fileEncoding = 4; lastKnownFileType = sourcecode.swift; path = IndexerType.swift; sourceTree = "<group>"; };
		39F745EB1D84302C00DB4362 /* IndexInstanceType.swift */ = {isa = PBXFileReference; fileEncoding = 4; lastKnownFileType = sourcecode.swift; path = IndexInstanceType.swift; sourceTree = "<group>"; };
		39F745EC1D84302C00DB4362 /* IndexType.swift */ = {isa = PBXFileReference; fileEncoding = 4; lastKnownFileType = sourcecode.swift; path = IndexType.swift; sourceTree = "<group>"; };
		39F745EE1D84302C00DB4362 /* Injector.swift */ = {isa = PBXFileReference; fileEncoding = 4; lastKnownFileType = sourcecode.swift; path = Injector.swift; sourceTree = "<group>"; };
		39F745F01D84302C00DB4362 /* Mapper.swift */ = {isa = PBXFileReference; fileEncoding = 4; lastKnownFileType = sourcecode.swift; path = Mapper.swift; sourceTree = "<group>"; };
		39F745F21D84302C00DB4362 /* BaseMap.swift */ = {isa = PBXFileReference; fileEncoding = 4; lastKnownFileType = sourcecode.swift; path = BaseMap.swift; sourceTree = "<group>"; };
		39F745F31D84302C00DB4362 /* Reader.swift */ = {isa = PBXFileReference; fileEncoding = 4; lastKnownFileType = sourcecode.swift; path = Reader.swift; sourceTree = "<group>"; };
		39F745F41D84302C00DB4362 /* Writer.swift */ = {isa = PBXFileReference; fileEncoding = 4; lastKnownFileType = sourcecode.swift; path = Writer.swift; sourceTree = "<group>"; };
		39F745F61D84302C00DB4362 /* MappableOperators.swift */ = {isa = PBXFileReference; fileEncoding = 4; lastKnownFileType = sourcecode.swift; path = MappableOperators.swift; sourceTree = "<group>"; };
		39F745F71D84302C00DB4362 /* RawRepresentableOperators.swift */ = {isa = PBXFileReference; fileEncoding = 4; lastKnownFileType = sourcecode.swift; path = RawRepresentableOperators.swift; sourceTree = "<group>"; };
		39F745F81D84302C00DB4362 /* StoreableValueOperators.swift */ = {isa = PBXFileReference; fileEncoding = 4; lastKnownFileType = sourcecode.swift; path = StoreableValueOperators.swift; sourceTree = "<group>"; };
		39F745FA1D84302C00DB4362 /* Mappable.swift */ = {isa = PBXFileReference; fileEncoding = 4; lastKnownFileType = sourcecode.swift; path = Mappable.swift; sourceTree = "<group>"; };
		39F745FB1D84302C00DB4362 /* MapType.swift */ = {isa = PBXFileReference; fileEncoding = 4; lastKnownFileType = sourcecode.swift; path = MapType.swift; sourceTree = "<group>"; };
		39F745FC1D84302C00DB4362 /* StoreableValue.swift */ = {isa = PBXFileReference; fileEncoding = 4; lastKnownFileType = sourcecode.swift; path = StoreableValue.swift; sourceTree = "<group>"; };
		39F745FE1D84302C00DB4362 /* StoreableBool.swift */ = {isa = PBXFileReference; fileEncoding = 4; lastKnownFileType = sourcecode.swift; path = StoreableBool.swift; sourceTree = "<group>"; };
		39F745FF1D84302C00DB4362 /* StoreableCharacter.swift */ = {isa = PBXFileReference; fileEncoding = 4; lastKnownFileType = sourcecode.swift; path = StoreableCharacter.swift; sourceTree = "<group>"; };
		39F746001D84302C00DB4362 /* StoreableDouble.swift */ = {isa = PBXFileReference; fileEncoding = 4; lastKnownFileType = sourcecode.swift; path = StoreableDouble.swift; sourceTree = "<group>"; };
		39F746011D84302C00DB4362 /* StoreableFloat.swift */ = {isa = PBXFileReference; fileEncoding = 4; lastKnownFileType = sourcecode.swift; path = StoreableFloat.swift; sourceTree = "<group>"; };
		39F746021D84302C00DB4362 /* StoreableIntegersSigned.swift */ = {isa = PBXFileReference; fileEncoding = 4; lastKnownFileType = sourcecode.swift; path = StoreableIntegersSigned.swift; sourceTree = "<group>"; };
		39F746031D84302C00DB4362 /* StoreableIntegersUnsigned.swift */ = {isa = PBXFileReference; fileEncoding = 4; lastKnownFileType = sourcecode.swift; path = StoreableIntegersUnsigned.swift; sourceTree = "<group>"; };
		39F746041D84302C00DB4362 /* StoreableNSData.swift */ = {isa = PBXFileReference; fileEncoding = 4; lastKnownFileType = sourcecode.swift; path = StoreableNSData.swift; sourceTree = "<group>"; };
		39F746051D84302C00DB4362 /* StoreableNSDate.swift */ = {isa = PBXFileReference; fileEncoding = 4; lastKnownFileType = sourcecode.swift; path = StoreableNSDate.swift; sourceTree = "<group>"; };
		39F746061D84302C00DB4362 /* StoreableNSNumber.swift */ = {isa = PBXFileReference; fileEncoding = 4; lastKnownFileType = sourcecode.swift; path = StoreableNSNumber.swift; sourceTree = "<group>"; };
		39F746071D84302C00DB4362 /* StoreableString.swift */ = {isa = PBXFileReference; fileEncoding = 4; lastKnownFileType = sourcecode.swift; path = StoreableString.swift; sourceTree = "<group>"; };
		39F746081D84302C00DB4362 /* StoreableValueConvertible.swift */ = {isa = PBXFileReference; fileEncoding = 4; lastKnownFileType = sourcecode.swift; path = StoreableValueConvertible.swift; sourceTree = "<group>"; };
		39F7460A1D84302C00DB4362 /* Migration.swift */ = {isa = PBXFileReference; fileEncoding = 4; lastKnownFileType = sourcecode.swift; path = Migration.swift; sourceTree = "<group>"; };
		39F7460B1D84302C00DB4362 /* MigrationUtils.swift */ = {isa = PBXFileReference; fileEncoding = 4; lastKnownFileType = sourcecode.swift; path = MigrationUtils.swift; sourceTree = "<group>"; };
		39F7460C1D84302C00DB4362 /* Migrator.swift */ = {isa = PBXFileReference; fileEncoding = 4; lastKnownFileType = sourcecode.swift; path = Migrator.swift; sourceTree = "<group>"; };
		39F7460D1D84302C00DB4362 /* PropertyMigration.swift */ = {isa = PBXFileReference; fileEncoding = 4; lastKnownFileType = sourcecode.swift; path = PropertyMigration.swift; sourceTree = "<group>"; };
		39F7460F1D84302C00DB4362 /* Migratable.swift */ = {isa = PBXFileReference; fileEncoding = 4; lastKnownFileType = sourcecode.swift; path = Migratable.swift; sourceTree = "<group>"; };
		39F746101D84302C00DB4362 /* MigrationType.swift */ = {isa = PBXFileReference; fileEncoding = 4; lastKnownFileType = sourcecode.swift; path = MigrationType.swift; sourceTree = "<group>"; };
		39F746111D84302C00DB4362 /* MigratorType.swift */ = {isa = PBXFileReference; fileEncoding = 4; lastKnownFileType = sourcecode.swift; path = MigratorType.swift; sourceTree = "<group>"; };
		39F746121D84302C00DB4362 /* PropertyMigrationType.swift */ = {isa = PBXFileReference; fileEncoding = 4; lastKnownFileType = sourcecode.swift; path = PropertyMigrationType.swift; sourceTree = "<group>"; };
		39F746131D84302C00DB4362 /* TypeInformation.swift */ = {isa = PBXFileReference; fileEncoding = 4; lastKnownFileType = sourcecode.swift; path = TypeInformation.swift; sourceTree = "<group>"; };
		39F746151D84302C00DB4362 /* Configuration.swift */ = {isa = PBXFileReference; fileEncoding = 4; lastKnownFileType = sourcecode.swift; path = Configuration.swift; sourceTree = "<group>"; };
		39F746161D84302C00DB4362 /* ObjectDatabase.swift */ = {isa = PBXFileReference; fileEncoding = 4; lastKnownFileType = sourcecode.swift; path = ObjectDatabase.swift; sourceTree = "<group>"; };
		39F746181D84302C00DB4362 /* FilterOperators.swift */ = {isa = PBXFileReference; fileEncoding = 4; lastKnownFileType = sourcecode.swift; path = FilterOperators.swift; sourceTree = "<group>"; };
		39F746191D84302C00DB4362 /* FilterStatement.swift */ = {isa = PBXFileReference; fileEncoding = 4; lastKnownFileType = sourcecode.swift; path = FilterStatement.swift; sourceTree = "<group>"; };
		39F7461A1D84302C00DB4362 /* Query.swift */ = {isa = PBXFileReference; fileEncoding = 4; lastKnownFileType = sourcecode.swift; path = Query.swift; sourceTree = "<group>"; };
		39F7461B1D84302C00DB4362 /* Sorting.swift */ = {isa = PBXFileReference; fileEncoding = 4; lastKnownFileType = sourcecode.swift; path = Sorting.swift; sourceTree = "<group>"; };
		39F7461C1D84302C00DB4362 /* Result.swift */ = {isa = PBXFileReference; fileEncoding = 4; lastKnownFileType = sourcecode.swift; path = Result.swift; sourceTree = "<group>"; };
		39F7461D1D84302C00DB4362 /* Swifty.swift */ = {isa = PBXFileReference; fileEncoding = 4; lastKnownFileType = sourcecode.swift; path = Swifty.swift; sourceTree = "<group>"; };
		39F7461E1D84302C00DB4362 /* SwiftyError.swift */ = {isa = PBXFileReference; fileEncoding = 4; lastKnownFileType = sourcecode.swift; path = SwiftyError.swift; sourceTree = "<group>"; };
		39F746201D84302C00DB4362 /* ArrayExtensions.swift */ = {isa = PBXFileReference; fileEncoding = 4; lastKnownFileType = sourcecode.swift; path = ArrayExtensions.swift; sourceTree = "<group>"; };
		39F746211D84302C00DB4362 /* Map+Storeable.swift */ = {isa = PBXFileReference; fileEncoding = 4; lastKnownFileType = sourcecode.swift; path = "Map+Storeable.swift"; sourceTree = "<group>"; };
		4900D3B1F7B745159FE1A127 /* README.md */ = {isa = PBXFileReference; includeInIndex = 1; lastKnownFileType = net.daringfireball.markdown; name = README.md; path = ../README.md; sourceTree = "<group>"; };
		607FACD01AFB9204008FA782 /* SwiftyDB_Example.app */ = {isa = PBXFileReference; explicitFileType = wrapper.application; includeInIndex = 0; path = SwiftyDB_Example.app; sourceTree = BUILT_PRODUCTS_DIR; };
		607FACD41AFB9204008FA782 /* Info.plist */ = {isa = PBXFileReference; lastKnownFileType = text.plist.xml; path = Info.plist; sourceTree = "<group>"; };
		607FACD51AFB9204008FA782 /* AppDelegate.swift */ = {isa = PBXFileReference; lastKnownFileType = sourcecode.swift; path = AppDelegate.swift; sourceTree = "<group>"; };
		607FACD71AFB9204008FA782 /* ViewController.swift */ = {isa = PBXFileReference; lastKnownFileType = sourcecode.swift; path = ViewController.swift; sourceTree = "<group>"; };
		607FACDA1AFB9204008FA782 /* Base */ = {isa = PBXFileReference; lastKnownFileType = file.storyboard; name = Base; path = Base.lproj/Main.storyboard; sourceTree = "<group>"; };
		607FACDC1AFB9204008FA782 /* Images.xcassets */ = {isa = PBXFileReference; lastKnownFileType = folder.assetcatalog; path = Images.xcassets; sourceTree = "<group>"; };
		607FACDF1AFB9204008FA782 /* Base */ = {isa = PBXFileReference; lastKnownFileType = file.xib; name = Base; path = Base.lproj/LaunchScreen.xib; sourceTree = "<group>"; };
		607FACE51AFB9204008FA782 /* SwiftyDB_Tests.xctest */ = {isa = PBXFileReference; explicitFileType = wrapper.cfbundle; includeInIndex = 0; path = SwiftyDB_Tests.xctest; sourceTree = BUILT_PRODUCTS_DIR; };
		607FACEA1AFB9204008FA782 /* Info.plist */ = {isa = PBXFileReference; lastKnownFileType = text.plist.xml; path = Info.plist; sourceTree = "<group>"; };
		7BA495218AE55B10EDCBC349 /* LICENSE */ = {isa = PBXFileReference; includeInIndex = 1; lastKnownFileType = text; name = LICENSE; path = ../LICENSE; sourceTree = "<group>"; };
		A3FBA7E18EE80DA2FAE16642 /* Pods_SwiftyDB_Example.framework */ = {isa = PBXFileReference; explicitFileType = wrapper.framework; includeInIndex = 0; path = Pods_SwiftyDB_Example.framework; sourceTree = BUILT_PRODUCTS_DIR; };
		A5CCECA7BB6B539558377C49 /* Pods_SwiftyDB_Tests.framework */ = {isa = PBXFileReference; explicitFileType = wrapper.framework; includeInIndex = 0; path = Pods_SwiftyDB_Tests.framework; sourceTree = BUILT_PRODUCTS_DIR; };
		C4504917FA67D5B0B3EABDCC /* Pods-SwiftyDB_Example.debug.xcconfig */ = {isa = PBXFileReference; includeInIndex = 1; lastKnownFileType = text.xcconfig; name = "Pods-SwiftyDB_Example.debug.xcconfig"; path = "Pods/Target Support Files/Pods-SwiftyDB_Example/Pods-SwiftyDB_Example.debug.xcconfig"; sourceTree = "<group>"; };
		E021258CBDCE36471E186F09 /* Pods-SwiftyDB_Tests.debug.xcconfig */ = {isa = PBXFileReference; includeInIndex = 1; lastKnownFileType = text.xcconfig; name = "Pods-SwiftyDB_Tests.debug.xcconfig"; path = "Pods/Target Support Files/Pods-SwiftyDB_Tests/Pods-SwiftyDB_Tests.debug.xcconfig"; sourceTree = "<group>"; };
		F196689CCB99FA868D0658F2 /* SwiftyDB.podspec */ = {isa = PBXFileReference; includeInIndex = 1; lastKnownFileType = text; name = SwiftyDB.podspec; path = ../SwiftyDB.podspec; sourceTree = "<group>"; xcLanguageSpecificationIdentifier = xcode.lang.ruby; };
		FA21C03FE49807406715C2C1 /* Pods-SwiftyDB_Example.release.xcconfig */ = {isa = PBXFileReference; includeInIndex = 1; lastKnownFileType = text.xcconfig; name = "Pods-SwiftyDB_Example.release.xcconfig"; path = "Pods/Target Support Files/Pods-SwiftyDB_Example/Pods-SwiftyDB_Example.release.xcconfig"; sourceTree = "<group>"; };
/* End PBXFileReference section */

/* Begin PBXFrameworksBuildPhase section */
		607FACCD1AFB9204008FA782 /* Frameworks */ = {
			isa = PBXFrameworksBuildPhase;
			buildActionMask = 2147483647;
			files = (
				152E7F9F1FE5B4FDB8BDDD5E /* Pods_SwiftyDB_Example.framework in Frameworks */,
			);
			runOnlyForDeploymentPostprocessing = 0;
		};
		607FACE21AFB9204008FA782 /* Frameworks */ = {
			isa = PBXFrameworksBuildPhase;
			buildActionMask = 2147483647;
			files = (
				99277DEB8B00907B66284EAE /* Pods_SwiftyDB_Tests.framework in Frameworks */,
			);
			runOnlyForDeploymentPostprocessing = 0;
		};
/* End PBXFrameworksBuildPhase section */

/* Begin PBXGroup section */
		399C48371D745310006393B5 /* Mocks */ = {
			isa = PBXGroup;
			children = (
				399C48381D745326006393B5 /* ObjectDatabaseMock.swift */,
			);
			name = Mocks;
			sourceTree = "<group>";
		};
		399C483E1D7455E6006393B5 /* Storeables */ = {
			isa = PBXGroup;
			children = (
				399C483F1D745604006393B5 /* Stark.swift */,
				399C48411D745664006393B5 /* Wolf.swift */,
				3956737C1D75BC1A004F2BD8 /* TestClass.swift */,
			);
			name = Storeables;
			sourceTree = "<group>";
		};
		399C48451D745B15006393B5 /* Models */ = {
			isa = PBXGroup;
			children = (
				399C48461D745B29006393B5 /* Dog.swift */,
				399C48481D745B50006393B5 /* Bone.swift */,
			);
			name = Models;
			sourceTree = "<group>";
		};
		399C484A1D745F89006393B5 /* Database */ = {
			isa = PBXGroup;
			children = (
				399C484B1D745F93006393B5 /* SQLite */,
			);
			name = Database;
			sourceTree = "<group>";
		};
		399C484B1D745F93006393B5 /* SQLite */ = {
			isa = PBXGroup;
			children = (
				399C48511D7492CB006393B5 /* SQLiteQueryFactoryTests.swift */,
				395673751D759FAB004F2BD8 /* SQLiteDatatypeTests.swift */,
				395673781D75A32B004F2BD8 /* SQLiteQueryTests.swift */,
			);
			name = SQLite;
			sourceTree = "<group>";
		};
		39F3CE771D72F20400B87982 /* Swifty */ = {
			isa = PBXGroup;
			children = (
				39F3CE781D72F20B00B87982 /* Queries */,
				3956737A1D75A936004F2BD8 /* SwiftyTests.swift */,
			);
			name = Swifty;
			sourceTree = "<group>";
		};
		39F3CE781D72F20B00B87982 /* Queries */ = {
			isa = PBXGroup;
			children = (
				399C48371D745310006393B5 /* Mocks */,
				39F3CE791D72F22D00B87982 /* FilterOperatorsTests.swift */,
				39F3CE8B1D73476500B87982 /* Equatable.swift */,
				39F3CE951D744EDD00B87982 /* ExpressionTests.swift */,
				399C483A1D745554006393B5 /* QueryTests.swift */,
			);
			name = Queries;
			sourceTree = "<group>";
		};
		39F745C61D84302C00DB4362 /* Classes */ = {
			isa = PBXGroup;
			children = (
				39F745C81D84302C00DB4362 /* Database */,
				39F745E31D84302C00DB4362 /* Indexing */,
				39F745ED1D84302C00DB4362 /* Injection */,
				39F745EF1D84302C00DB4362 /* Mapping */,
				39F746091D84302C00DB4362 /* Migration */,
				39F746141D84302C00DB4362 /* SwiftyDB */,
				39F7461F1D84302C00DB4362 /* Utils */,
			);
			name = Classes;
			path = ../SwiftyDB/Classes;
			sourceTree = "<group>";
		};
		39F745C81D84302C00DB4362 /* Database */ = {
			isa = PBXGroup;
			children = (
				39F745C91D84302C00DB4362 /* Database.swift */,
				39F745CA1D84302C00DB4362 /* DatabaseIndexerType.swift */,
				39F745CB1D84302C00DB4362 /* ObjectSerializer.swift */,
				39F745CC1D84302C00DB4362 /* Protocols */,
				39F745D21D84302C00DB4362 /* SQLite */,
			);
			path = Database;
			sourceTree = "<group>";
		};
		39F745CC1D84302C00DB4362 /* Protocols */ = {
			isa = PBXGroup;
			children = (
				39F745CD1D84302C00DB4362 /* DatabaseMigratorType.swift */,
				39F745CE1D84302C00DB4362 /* Identifiable.swift */,
				39F745CF1D84302C00DB4362 /* ObjectSerializerType.swift */,
				39F745D01D84302C00DB4362 /* Storeable.swift */,
				39F745D11D84302C00DB4362 /* StoreableArrayType.swift */,
			);
			path = Protocols;
			sourceTree = "<group>";
		};
		39F745D21D84302C00DB4362 /* SQLite */ = {
			isa = PBXGroup;
			children = (
				39F745D31D84302C00DB4362 /* DatabaseComponents */,
				39F745DA1D84302C00DB4362 /* SQLiteDatabase.swift */,
				39F745DB1D84302C00DB4362 /* SQLiteQuery.swift */,
				39F745DC1D84302C00DB4362 /* Utilities */,
			);
			path = SQLite;
			sourceTree = "<group>";
		};
		39F745D31D84302C00DB4362 /* DatabaseComponents */ = {
			isa = PBXGroup;
			children = (
				39F745D41D84302C00DB4362 /* SQLiteDatabaseDeleter.swift */,
				39F745D51D84302C00DB4362 /* SQLiteDatabaseIndexCreator.swift */,
				39F745D61D84302C00DB4362 /* SQLiteDatabaseMigrator.swift */,
				39F745D71D84302C00DB4362 /* SQLiteDatabaseObjectAdder.swift */,
				39F745D81D84302C00DB4362 /* SQLiteDatabaseRetriever.swift */,
				39F745D91D84302C00DB4362 /* SQLiteDatabaseTableCreator.swift */,
			);
			path = DatabaseComponents;
			sourceTree = "<group>";
		};
		39F745DC1D84302C00DB4362 /* Utilities */ = {
			isa = PBXGroup;
			children = (
				39F745DD1D84302C00DB4362 /* HasStoreable.swift */,
				39F745DE1D84302C00DB4362 /* HasValue.swift */,
				39F745DF1D84302C00DB4362 /* JSONSerialisation.swift */,
				39F745E01D84302C00DB4362 /* SQLiteDatatype.swift */,
				39F745E11D84302C00DB4362 /* SQLiteFilterStatement.swift */,
				39F745E21D84302C00DB4362 /* SQLiteQueryFactory.swift */,
			);
			path = Utilities;
			sourceTree = "<group>";
		};
		39F745E31D84302C00DB4362 /* Indexing */ = {
			isa = PBXGroup;
			children = (
				39F745E41D84302C00DB4362 /* Index.swift */,
				39F745E51D84302C00DB4362 /* Indexer.swift */,
				39F745E61D84302C00DB4362 /* IndexingUtils.swift */,
				39F745E71D84302C00DB4362 /* IndexInstance.swift */,
				39F745E81D84302C00DB4362 /* Protocols */,
			);
			path = Indexing;
			sourceTree = "<group>";
		};
		39F745E81D84302C00DB4362 /* Protocols */ = {
			isa = PBXGroup;
			children = (
				39F745E91D84302C00DB4362 /* Indexable.swift */,
				39F745EA1D84302C00DB4362 /* IndexerType.swift */,
				39F745EB1D84302C00DB4362 /* IndexInstanceType.swift */,
				39F745EC1D84302C00DB4362 /* IndexType.swift */,
			);
			path = Protocols;
			sourceTree = "<group>";
		};
		39F745ED1D84302C00DB4362 /* Injection */ = {
			isa = PBXGroup;
			children = (
				39F745EE1D84302C00DB4362 /* Injector.swift */,
			);
			path = Injection;
			sourceTree = "<group>";
		};
		39F745EF1D84302C00DB4362 /* Mapping */ = {
			isa = PBXGroup;
			children = (
				39F745F01D84302C00DB4362 /* Mapper.swift */,
				39F745F11D84302C00DB4362 /* Maps */,
				39F745F51D84302C00DB4362 /* Operators */,
				39F745F91D84302C00DB4362 /* Protocols */,
				39F745FD1D84302C00DB4362 /* StoreableValueConvertibles */,
			);
			path = Mapping;
			sourceTree = "<group>";
		};
		39F745F11D84302C00DB4362 /* Maps */ = {
			isa = PBXGroup;
			children = (
				39F745F21D84302C00DB4362 /* BaseMap.swift */,
				39F745F31D84302C00DB4362 /* Reader.swift */,
				39F745F41D84302C00DB4362 /* Writer.swift */,
			);
			path = Maps;
			sourceTree = "<group>";
		};
		39F745F51D84302C00DB4362 /* Operators */ = {
			isa = PBXGroup;
			children = (
				39F745F61D84302C00DB4362 /* MappableOperators.swift */,
				39F745F71D84302C00DB4362 /* RawRepresentableOperators.swift */,
				39F745F81D84302C00DB4362 /* StoreableValueOperators.swift */,
			);
			path = Operators;
			sourceTree = "<group>";
		};
		39F745F91D84302C00DB4362 /* Protocols */ = {
			isa = PBXGroup;
			children = (
				39F745FA1D84302C00DB4362 /* Mappable.swift */,
				39F745FB1D84302C00DB4362 /* MapType.swift */,
				39F745FC1D84302C00DB4362 /* StoreableValue.swift */,
			);
			path = Protocols;
			sourceTree = "<group>";
		};
		39F745FD1D84302C00DB4362 /* StoreableValueConvertibles */ = {
			isa = PBXGroup;
			children = (
				39F745FE1D84302C00DB4362 /* StoreableBool.swift */,
				39F745FF1D84302C00DB4362 /* StoreableCharacter.swift */,
				39F746001D84302C00DB4362 /* StoreableDouble.swift */,
				39F746011D84302C00DB4362 /* StoreableFloat.swift */,
				39F746021D84302C00DB4362 /* StoreableIntegersSigned.swift */,
				39F746031D84302C00DB4362 /* StoreableIntegersUnsigned.swift */,
				39F746041D84302C00DB4362 /* StoreableNSData.swift */,
				39F746051D84302C00DB4362 /* StoreableNSDate.swift */,
				39F746061D84302C00DB4362 /* StoreableNSNumber.swift */,
				39F746071D84302C00DB4362 /* StoreableString.swift */,
				39F746081D84302C00DB4362 /* StoreableValueConvertible.swift */,
			);
			path = StoreableValueConvertibles;
			sourceTree = "<group>";
		};
		39F746091D84302C00DB4362 /* Migration */ = {
			isa = PBXGroup;
			children = (
				39F7460A1D84302C00DB4362 /* Migration.swift */,
				39F7460B1D84302C00DB4362 /* MigrationUtils.swift */,
				39F7460C1D84302C00DB4362 /* Migrator.swift */,
				39F7460D1D84302C00DB4362 /* PropertyMigration.swift */,
				39F7460E1D84302C00DB4362 /* Protocols */,
				39F746131D84302C00DB4362 /* TypeInformation.swift */,
			);
			path = Migration;
			sourceTree = "<group>";
		};
		39F7460E1D84302C00DB4362 /* Protocols */ = {
			isa = PBXGroup;
			children = (
				39F7460F1D84302C00DB4362 /* Migratable.swift */,
				39F746101D84302C00DB4362 /* MigrationType.swift */,
				39F746111D84302C00DB4362 /* MigratorType.swift */,
				39F746121D84302C00DB4362 /* PropertyMigrationType.swift */,
			);
			path = Protocols;
			sourceTree = "<group>";
		};
		39F746141D84302C00DB4362 /* SwiftyDB */ = {
			isa = PBXGroup;
			children = (
				39F746151D84302C00DB4362 /* Configuration.swift */,
				39F746161D84302C00DB4362 /* ObjectDatabase.swift */,
				39F746171D84302C00DB4362 /* Queries */,
				39F7461C1D84302C00DB4362 /* Result.swift */,
				39F7461D1D84302C00DB4362 /* Swifty.swift */,
				39F7461E1D84302C00DB4362 /* SwiftyError.swift */,
			);
			path = SwiftyDB;
			sourceTree = "<group>";
		};
		39F746171D84302C00DB4362 /* Queries */ = {
			isa = PBXGroup;
			children = (
				39F746181D84302C00DB4362 /* FilterOperators.swift */,
				39F746191D84302C00DB4362 /* FilterStatement.swift */,
				39F7461A1D84302C00DB4362 /* Query.swift */,
				39F7461B1D84302C00DB4362 /* Sorting.swift */,
			);
			path = Queries;
			sourceTree = "<group>";
		};
		39F7461F1D84302C00DB4362 /* Utils */ = {
			isa = PBXGroup;
			children = (
				39F746201D84302C00DB4362 /* ArrayExtensions.swift */,
				39F746211D84302C00DB4362 /* Map+Storeable.swift */,
			);
			path = Utils;
			sourceTree = "<group>";
		};
		41F16BB0B21D9A84C77461E5 /* Frameworks */ = {
			isa = PBXGroup;
			children = (
				A3FBA7E18EE80DA2FAE16642 /* Pods_SwiftyDB_Example.framework */,
				A5CCECA7BB6B539558377C49 /* Pods_SwiftyDB_Tests.framework */,
			);
			name = Frameworks;
			sourceTree = "<group>";
		};
		607FACC71AFB9204008FA782 = {
			isa = PBXGroup;
			children = (
				39F745C61D84302C00DB4362 /* Classes */,
				607FACF51AFB993E008FA782 /* Podspec Metadata */,
				607FACD21AFB9204008FA782 /* Example for SwiftyDB */,
				607FACE81AFB9204008FA782 /* Tests */,
				607FACD11AFB9204008FA782 /* Products */,
				B39DE07409018C36EC507067 /* Pods */,
				41F16BB0B21D9A84C77461E5 /* Frameworks */,
			);
			sourceTree = "<group>";
		};
		607FACD11AFB9204008FA782 /* Products */ = {
			isa = PBXGroup;
			children = (
				607FACD01AFB9204008FA782 /* SwiftyDB_Example.app */,
				607FACE51AFB9204008FA782 /* SwiftyDB_Tests.xctest */,
			);
			name = Products;
			sourceTree = "<group>";
		};
		607FACD21AFB9204008FA782 /* Example for SwiftyDB */ = {
			isa = PBXGroup;
			children = (
				399C48451D745B15006393B5 /* Models */,
				607FACD51AFB9204008FA782 /* AppDelegate.swift */,
				607FACD71AFB9204008FA782 /* ViewController.swift */,
				607FACD91AFB9204008FA782 /* Main.storyboard */,
				607FACDC1AFB9204008FA782 /* Images.xcassets */,
				607FACDE1AFB9204008FA782 /* LaunchScreen.xib */,
				607FACD31AFB9204008FA782 /* Supporting Files */,
			);
			name = "Example for SwiftyDB";
			path = SwiftyDB;
			sourceTree = "<group>";
		};
		607FACD31AFB9204008FA782 /* Supporting Files */ = {
			isa = PBXGroup;
			children = (
				607FACD41AFB9204008FA782 /* Info.plist */,
			);
			name = "Supporting Files";
			sourceTree = "<group>";
		};
		607FACE81AFB9204008FA782 /* Tests */ = {
			isa = PBXGroup;
			children = (
				399C484A1D745F89006393B5 /* Database */,
				399C483E1D7455E6006393B5 /* Storeables */,
				39F3CE771D72F20400B87982 /* Swifty */,
				607FACE91AFB9204008FA782 /* Supporting Files */,
			);
			path = Tests;
			sourceTree = "<group>";
		};
		607FACE91AFB9204008FA782 /* Supporting Files */ = {
			isa = PBXGroup;
			children = (
				607FACEA1AFB9204008FA782 /* Info.plist */,
			);
			name = "Supporting Files";
			sourceTree = "<group>";
		};
		607FACF51AFB993E008FA782 /* Podspec Metadata */ = {
			isa = PBXGroup;
			children = (
				3978ECB71D8435610019928A /* CHANGELOG.md */,
				F196689CCB99FA868D0658F2 /* SwiftyDB.podspec */,
				4900D3B1F7B745159FE1A127 /* README.md */,
				7BA495218AE55B10EDCBC349 /* LICENSE */,
			);
			name = "Podspec Metadata";
			sourceTree = "<group>";
		};
		B39DE07409018C36EC507067 /* Pods */ = {
			isa = PBXGroup;
			children = (
				C4504917FA67D5B0B3EABDCC /* Pods-SwiftyDB_Example.debug.xcconfig */,
				FA21C03FE49807406715C2C1 /* Pods-SwiftyDB_Example.release.xcconfig */,
				E021258CBDCE36471E186F09 /* Pods-SwiftyDB_Tests.debug.xcconfig */,
				0862094CD83CCC68F5866600 /* Pods-SwiftyDB_Tests.release.xcconfig */,
			);
			name = Pods;
			sourceTree = "<group>";
		};
/* End PBXGroup section */

/* Begin PBXNativeTarget section */
		607FACCF1AFB9204008FA782 /* SwiftyDB_Example */ = {
			isa = PBXNativeTarget;
			buildConfigurationList = 607FACEF1AFB9204008FA782 /* Build configuration list for PBXNativeTarget "SwiftyDB_Example" */;
			buildPhases = (
				EB95EAE51349EE04AAB2A7DC /* 📦 Check Pods Manifest.lock */,
				607FACCC1AFB9204008FA782 /* Sources */,
				607FACCD1AFB9204008FA782 /* Frameworks */,
				607FACCE1AFB9204008FA782 /* Resources */,
				F715CB068C93060102C9E2F0 /* 📦 Embed Pods Frameworks */,
				7665BB9AA10532AB3BA2BC31 /* 📦 Copy Pods Resources */,
			);
			buildRules = (
			);
			dependencies = (
			);
			name = SwiftyDB_Example;
			productName = SwiftyDB;
			productReference = 607FACD01AFB9204008FA782 /* SwiftyDB_Example.app */;
			productType = "com.apple.product-type.application";
		};
		607FACE41AFB9204008FA782 /* SwiftyDB_Tests */ = {
			isa = PBXNativeTarget;
			buildConfigurationList = 607FACF21AFB9204008FA782 /* Build configuration list for PBXNativeTarget "SwiftyDB_Tests" */;
			buildPhases = (
				AC3F469B8AC2E1459D21FC74 /* 📦 Check Pods Manifest.lock */,
				607FACE11AFB9204008FA782 /* Sources */,
				607FACE21AFB9204008FA782 /* Frameworks */,
				607FACE31AFB9204008FA782 /* Resources */,
				697D4AD6700AD7CA57FE2D78 /* 📦 Embed Pods Frameworks */,
				EC3A2BDDABAFC3606410D873 /* 📦 Copy Pods Resources */,
			);
			buildRules = (
			);
			dependencies = (
				607FACE71AFB9204008FA782 /* PBXTargetDependency */,
			);
			name = SwiftyDB_Tests;
			productName = Tests;
			productReference = 607FACE51AFB9204008FA782 /* SwiftyDB_Tests.xctest */;
			productType = "com.apple.product-type.bundle.unit-test";
		};
/* End PBXNativeTarget section */

/* Begin PBXProject section */
		607FACC81AFB9204008FA782 /* Project object */ = {
			isa = PBXProject;
			attributes = {
				LastSwiftUpdateCheck = 0730;
				LastUpgradeCheck = 0720;
				ORGANIZATIONNAME = CocoaPods;
				TargetAttributes = {
					607FACCF1AFB9204008FA782 = {
						CreatedOnToolsVersion = 6.3.1;
					};
					607FACE41AFB9204008FA782 = {
						CreatedOnToolsVersion = 6.3.1;
						TestTargetID = 607FACCF1AFB9204008FA782;
					};
				};
			};
			buildConfigurationList = 607FACCB1AFB9204008FA782 /* Build configuration list for PBXProject "SwiftyDB" */;
			compatibilityVersion = "Xcode 3.2";
			developmentRegion = English;
			hasScannedForEncodings = 0;
			knownRegions = (
				en,
				Base,
			);
			mainGroup = 607FACC71AFB9204008FA782;
			productRefGroup = 607FACD11AFB9204008FA782 /* Products */;
			projectDirPath = "";
			projectRoot = "";
			targets = (
				607FACCF1AFB9204008FA782 /* SwiftyDB_Example */,
				607FACE41AFB9204008FA782 /* SwiftyDB_Tests */,
			);
		};
/* End PBXProject section */

/* Begin PBXResourcesBuildPhase section */
		607FACCE1AFB9204008FA782 /* Resources */ = {
			isa = PBXResourcesBuildPhase;
			buildActionMask = 2147483647;
			files = (
				607FACDB1AFB9204008FA782 /* Main.storyboard in Resources */,
				607FACE01AFB9204008FA782 /* LaunchScreen.xib in Resources */,
				607FACDD1AFB9204008FA782 /* Images.xcassets in Resources */,
			);
			runOnlyForDeploymentPostprocessing = 0;
		};
		607FACE31AFB9204008FA782 /* Resources */ = {
			isa = PBXResourcesBuildPhase;
			buildActionMask = 2147483647;
			files = (
			);
			runOnlyForDeploymentPostprocessing = 0;
		};
/* End PBXResourcesBuildPhase section */

/* Begin PBXShellScriptBuildPhase section */
		697D4AD6700AD7CA57FE2D78 /* 📦 Embed Pods Frameworks */ = {
			isa = PBXShellScriptBuildPhase;
			buildActionMask = 2147483647;
			files = (
			);
			inputPaths = (
			);
			name = "📦 Embed Pods Frameworks";
			outputPaths = (
			);
			runOnlyForDeploymentPostprocessing = 0;
			shellPath = /bin/sh;
			shellScript = "\"${SRCROOT}/Pods/Target Support Files/Pods-SwiftyDB_Tests/Pods-SwiftyDB_Tests-frameworks.sh\"\n";
			showEnvVarsInLog = 0;
		};
		7665BB9AA10532AB3BA2BC31 /* 📦 Copy Pods Resources */ = {
			isa = PBXShellScriptBuildPhase;
			buildActionMask = 2147483647;
			files = (
			);
			inputPaths = (
			);
			name = "📦 Copy Pods Resources";
			outputPaths = (
			);
			runOnlyForDeploymentPostprocessing = 0;
			shellPath = /bin/sh;
			shellScript = "\"${SRCROOT}/Pods/Target Support Files/Pods-SwiftyDB_Example/Pods-SwiftyDB_Example-resources.sh\"\n";
			showEnvVarsInLog = 0;
		};
		AC3F469B8AC2E1459D21FC74 /* 📦 Check Pods Manifest.lock */ = {
			isa = PBXShellScriptBuildPhase;
			buildActionMask = 2147483647;
			files = (
			);
			inputPaths = (
			);
			name = "📦 Check Pods Manifest.lock";
			outputPaths = (
			);
			runOnlyForDeploymentPostprocessing = 0;
			shellPath = /bin/sh;
			shellScript = "diff \"${PODS_ROOT}/../Podfile.lock\" \"${PODS_ROOT}/Manifest.lock\" > /dev/null\nif [[ $? != 0 ]] ; then\n    cat << EOM\nerror: The sandbox is not in sync with the Podfile.lock. Run 'pod install' or update your CocoaPods installation.\nEOM\n    exit 1\nfi\n";
			showEnvVarsInLog = 0;
		};
		EB95EAE51349EE04AAB2A7DC /* 📦 Check Pods Manifest.lock */ = {
			isa = PBXShellScriptBuildPhase;
			buildActionMask = 2147483647;
			files = (
			);
			inputPaths = (
			);
			name = "📦 Check Pods Manifest.lock";
			outputPaths = (
			);
			runOnlyForDeploymentPostprocessing = 0;
			shellPath = /bin/sh;
			shellScript = "diff \"${PODS_ROOT}/../Podfile.lock\" \"${PODS_ROOT}/Manifest.lock\" > /dev/null\nif [[ $? != 0 ]] ; then\n    cat << EOM\nerror: The sandbox is not in sync with the Podfile.lock. Run 'pod install' or update your CocoaPods installation.\nEOM\n    exit 1\nfi\n";
			showEnvVarsInLog = 0;
		};
		EC3A2BDDABAFC3606410D873 /* 📦 Copy Pods Resources */ = {
			isa = PBXShellScriptBuildPhase;
			buildActionMask = 2147483647;
			files = (
			);
			inputPaths = (
			);
			name = "📦 Copy Pods Resources";
			outputPaths = (
			);
			runOnlyForDeploymentPostprocessing = 0;
			shellPath = /bin/sh;
			shellScript = "\"${SRCROOT}/Pods/Target Support Files/Pods-SwiftyDB_Tests/Pods-SwiftyDB_Tests-resources.sh\"\n";
			showEnvVarsInLog = 0;
		};
		F715CB068C93060102C9E2F0 /* 📦 Embed Pods Frameworks */ = {
			isa = PBXShellScriptBuildPhase;
			buildActionMask = 2147483647;
			files = (
			);
			inputPaths = (
			);
			name = "📦 Embed Pods Frameworks";
			outputPaths = (
			);
			runOnlyForDeploymentPostprocessing = 0;
			shellPath = /bin/sh;
			shellScript = "\"${SRCROOT}/Pods/Target Support Files/Pods-SwiftyDB_Example/Pods-SwiftyDB_Example-frameworks.sh\"\n";
			showEnvVarsInLog = 0;
		};
/* End PBXShellScriptBuildPhase section */

/* Begin PBXSourcesBuildPhase section */
		607FACCC1AFB9204008FA782 /* Sources */ = {
			isa = PBXSourcesBuildPhase;
			buildActionMask = 2147483647;
			files = (
				39F746331D84302C00DB4362 /* HasStoreable.swift in Sources */,
				39F7462F1D84302C00DB4362 /* SQLiteDatabaseRetriever.swift in Sources */,
				39F7464D1D84302C00DB4362 /* StoreableCharacter.swift in Sources */,
				39F7465B1D84302C00DB4362 /* Migratable.swift in Sources */,
				39F746631D84302C00DB4362 /* FilterStatement.swift in Sources */,
				39F746281D84302C00DB4362 /* ObjectSerializerType.swift in Sources */,
				39F746581D84302C00DB4362 /* MigrationUtils.swift in Sources */,
				39F7463A1D84302C00DB4362 /* Indexer.swift in Sources */,
				39F746421D84302C00DB4362 /* Mapper.swift in Sources */,
				39F746651D84302C00DB4362 /* Sorting.swift in Sources */,
				39F7465C1D84302C00DB4362 /* MigrationType.swift in Sources */,
				39F7464F1D84302C00DB4362 /* StoreableFloat.swift in Sources */,
				39F7464C1D84302C00DB4362 /* StoreableBool.swift in Sources */,
				39F746501D84302C00DB4362 /* StoreableIntegersSigned.swift in Sources */,
				39F7462A1D84302C00DB4362 /* StoreableArrayType.swift in Sources */,
				39F746411D84302C00DB4362 /* Injector.swift in Sources */,
				39F746351D84302C00DB4362 /* JSONSerialisation.swift in Sources */,
				39F7465A1D84302C00DB4362 /* PropertyMigration.swift in Sources */,
				39F7463F1D84302C00DB4362 /* IndexInstanceType.swift in Sources */,
				39F746471D84302C00DB4362 /* RawRepresentableOperators.swift in Sources */,
				39F746491D84302C00DB4362 /* Mappable.swift in Sources */,
				39F746511D84302C00DB4362 /* StoreableIntegersUnsigned.swift in Sources */,
				39F746361D84302C00DB4362 /* SQLiteDatatype.swift in Sources */,
				39F746241D84302C00DB4362 /* DatabaseIndexerType.swift in Sources */,
				39F746591D84302C00DB4362 /* Migrator.swift in Sources */,
				39F746321D84302C00DB4362 /* SQLiteQuery.swift in Sources */,
				39F746481D84302C00DB4362 /* StoreableValueOperators.swift in Sources */,
				39F746611D84302C00DB4362 /* ObjectDatabase.swift in Sources */,
				39F7462B1D84302C00DB4362 /* SQLiteDatabaseDeleter.swift in Sources */,
				39F746261D84302C00DB4362 /* DatabaseMigratorType.swift in Sources */,
				39F746301D84302C00DB4362 /* SQLiteDatabaseTableCreator.swift in Sources */,
				39F746691D84302C00DB4362 /* ArrayExtensions.swift in Sources */,
				39F746621D84302C00DB4362 /* FilterOperators.swift in Sources */,
				39F7465D1D84302C00DB4362 /* MigratorType.swift in Sources */,
				39F746251D84302C00DB4362 /* ObjectSerializer.swift in Sources */,
				39F746531D84302C00DB4362 /* StoreableNSDate.swift in Sources */,
				607FACD81AFB9204008FA782 /* ViewController.swift in Sources */,
				39F7462D1D84302C00DB4362 /* SQLiteDatabaseMigrator.swift in Sources */,
				39F746431D84302C00DB4362 /* BaseMap.swift in Sources */,
				39F746341D84302C00DB4362 /* HasValue.swift in Sources */,
				39F7466A1D84302C00DB4362 /* Map+Storeable.swift in Sources */,
				39F746521D84302C00DB4362 /* StoreableNSData.swift in Sources */,
				39F746311D84302C00DB4362 /* SQLiteDatabase.swift in Sources */,
				39F7464A1D84302C00DB4362 /* MapType.swift in Sources */,
				39F7463D1D84302C00DB4362 /* Indexable.swift in Sources */,
				39F7465E1D84302C00DB4362 /* PropertyMigrationType.swift in Sources */,
				39F746541D84302C00DB4362 /* StoreableNSNumber.swift in Sources */,
				39F746671D84302C00DB4362 /* Swifty.swift in Sources */,
				39F7464E1D84302C00DB4362 /* StoreableDouble.swift in Sources */,
				39F7462E1D84302C00DB4362 /* SQLiteDatabaseObjectAdder.swift in Sources */,
				39F746271D84302C00DB4362 /* Identifiable.swift in Sources */,
				39F746561D84302C00DB4362 /* StoreableValueConvertible.swift in Sources */,
				39F746441D84302C00DB4362 /* Reader.swift in Sources */,
				39F7462C1D84302C00DB4362 /* SQLiteDatabaseIndexCreator.swift in Sources */,
				39F746641D84302C00DB4362 /* Query.swift in Sources */,
				39F746381D84302C00DB4362 /* SQLiteQueryFactory.swift in Sources */,
				39F746571D84302C00DB4362 /* Migration.swift in Sources */,
				39F746661D84302C00DB4362 /* Result.swift in Sources */,
				39F746551D84302C00DB4362 /* StoreableString.swift in Sources */,
				39F746461D84302C00DB4362 /* MappableOperators.swift in Sources */,
				399C48471D745B29006393B5 /* Dog.swift in Sources */,
				39F746291D84302C00DB4362 /* Storeable.swift in Sources */,
				39F746681D84302C00DB4362 /* SwiftyError.swift in Sources */,
				39F7463B1D84302C00DB4362 /* IndexingUtils.swift in Sources */,
				39F746601D84302C00DB4362 /* Configuration.swift in Sources */,
				39F7464B1D84302C00DB4362 /* StoreableValue.swift in Sources */,
				39F746401D84302C00DB4362 /* IndexType.swift in Sources */,
				39F7465F1D84302C00DB4362 /* TypeInformation.swift in Sources */,
				3978ECB81D8435610019928A /* CHANGELOG.md in Sources */,
				39F746371D84302C00DB4362 /* SQLiteFilterStatement.swift in Sources */,
				39F7463C1D84302C00DB4362 /* IndexInstance.swift in Sources */,
				39F746391D84302C00DB4362 /* Index.swift in Sources */,
				399C48491D745B50006393B5 /* Bone.swift in Sources */,
				39F7463E1D84302C00DB4362 /* IndexerType.swift in Sources */,
				39F746451D84302C00DB4362 /* Writer.swift in Sources */,
				39F746231D84302C00DB4362 /* Database.swift in Sources */,
				607FACD61AFB9204008FA782 /* AppDelegate.swift in Sources */,
			);
			runOnlyForDeploymentPostprocessing = 0;
		};
		607FACE11AFB9204008FA782 /* Sources */ = {
			isa = PBXSourcesBuildPhase;
			buildActionMask = 2147483647;
			files = (
				395673791D75A32B004F2BD8 /* SQLiteQueryTests.swift in Sources */,
				399C48531D7492D1006393B5 /* SQLiteQueryFactoryTests.swift in Sources */,
				399C483C1D745567006393B5 /* QueryTests.swift in Sources */,
				399C483D1D74556B006393B5 /* ObjectDatabaseMock.swift in Sources */,
				3956737D1D75BC1A004F2BD8 /* TestClass.swift in Sources */,
				39F3CE8D1D73487B00B87982 /* Equatable.swift in Sources */,
				395673771D759FB8004F2BD8 /* SQLiteDatatypeTests.swift in Sources */,
				399C48441D7456F9006393B5 /* Wolf.swift in Sources */,
				39F3CE8A1D73384000B87982 /* FilterOperatorsTests.swift in Sources */,
				39F3CE971D744F0300B87982 /* ExpressionTests.swift in Sources */,
				399C48431D7456F5006393B5 /* Stark.swift in Sources */,
				3956737B1D75A936004F2BD8 /* SwiftyTests.swift in Sources */,
			);
			runOnlyForDeploymentPostprocessing = 0;
		};
/* End PBXSourcesBuildPhase section */

/* Begin PBXTargetDependency section */
		607FACE71AFB9204008FA782 /* PBXTargetDependency */ = {
			isa = PBXTargetDependency;
			target = 607FACCF1AFB9204008FA782 /* SwiftyDB_Example */;
			targetProxy = 607FACE61AFB9204008FA782 /* PBXContainerItemProxy */;
		};
/* End PBXTargetDependency section */

/* Begin PBXVariantGroup section */
		607FACD91AFB9204008FA782 /* Main.storyboard */ = {
			isa = PBXVariantGroup;
			children = (
				607FACDA1AFB9204008FA782 /* Base */,
			);
			name = Main.storyboard;
			sourceTree = "<group>";
		};
		607FACDE1AFB9204008FA782 /* LaunchScreen.xib */ = {
			isa = PBXVariantGroup;
			children = (
				607FACDF1AFB9204008FA782 /* Base */,
			);
			name = LaunchScreen.xib;
			sourceTree = "<group>";
		};
/* End PBXVariantGroup section */

/* Begin XCBuildConfiguration section */
		607FACED1AFB9204008FA782 /* Debug */ = {
			isa = XCBuildConfiguration;
			buildSettings = {
				ALWAYS_SEARCH_USER_PATHS = NO;
				CLANG_CXX_LANGUAGE_STANDARD = "gnu++0x";
				CLANG_CXX_LIBRARY = "libc++";
				CLANG_ENABLE_MODULES = YES;
				CLANG_ENABLE_OBJC_ARC = YES;
				CLANG_WARN_BOOL_CONVERSION = YES;
				CLANG_WARN_CONSTANT_CONVERSION = YES;
				CLANG_WARN_DIRECT_OBJC_ISA_USAGE = YES_ERROR;
				CLANG_WARN_EMPTY_BODY = YES;
				CLANG_WARN_ENUM_CONVERSION = YES;
				CLANG_WARN_INT_CONVERSION = YES;
				CLANG_WARN_OBJC_ROOT_CLASS = YES_ERROR;
				CLANG_WARN_UNREACHABLE_CODE = YES;
				CLANG_WARN__DUPLICATE_METHOD_MATCH = YES;
				"CODE_SIGN_IDENTITY[sdk=iphoneos*]" = "iPhone Developer";
				COPY_PHASE_STRIP = NO;
				DEBUG_INFORMATION_FORMAT = "dwarf-with-dsym";
				ENABLE_STRICT_OBJC_MSGSEND = YES;
				ENABLE_TESTABILITY = YES;
				GCC_C_LANGUAGE_STANDARD = gnu99;
				GCC_DYNAMIC_NO_PIC = NO;
				GCC_NO_COMMON_BLOCKS = YES;
				GCC_OPTIMIZATION_LEVEL = 0;
				GCC_PREPROCESSOR_DEFINITIONS = (
					"DEBUG=1",
					"$(inherited)",
				);
				GCC_SYMBOLS_PRIVATE_EXTERN = NO;
				GCC_WARN_64_TO_32_BIT_CONVERSION = YES;
				GCC_WARN_ABOUT_RETURN_TYPE = YES_ERROR;
				GCC_WARN_UNDECLARED_SELECTOR = YES;
				GCC_WARN_UNINITIALIZED_AUTOS = YES_AGGRESSIVE;
				GCC_WARN_UNUSED_FUNCTION = YES;
				GCC_WARN_UNUSED_VARIABLE = YES;
				IPHONEOS_DEPLOYMENT_TARGET = 8.3;
				MTL_ENABLE_DEBUG_INFO = YES;
				ONLY_ACTIVE_ARCH = YES;
				SDKROOT = iphoneos;
				SWIFT_OPTIMIZATION_LEVEL = "-Onone";
			};
			name = Debug;
		};
		607FACEE1AFB9204008FA782 /* Release */ = {
			isa = XCBuildConfiguration;
			buildSettings = {
				ALWAYS_SEARCH_USER_PATHS = NO;
				CLANG_CXX_LANGUAGE_STANDARD = "gnu++0x";
				CLANG_CXX_LIBRARY = "libc++";
				CLANG_ENABLE_MODULES = YES;
				CLANG_ENABLE_OBJC_ARC = YES;
				CLANG_WARN_BOOL_CONVERSION = YES;
				CLANG_WARN_CONSTANT_CONVERSION = YES;
				CLANG_WARN_DIRECT_OBJC_ISA_USAGE = YES_ERROR;
				CLANG_WARN_EMPTY_BODY = YES;
				CLANG_WARN_ENUM_CONVERSION = YES;
				CLANG_WARN_INT_CONVERSION = YES;
				CLANG_WARN_OBJC_ROOT_CLASS = YES_ERROR;
				CLANG_WARN_UNREACHABLE_CODE = YES;
				CLANG_WARN__DUPLICATE_METHOD_MATCH = YES;
				"CODE_SIGN_IDENTITY[sdk=iphoneos*]" = "iPhone Developer";
				COPY_PHASE_STRIP = NO;
				DEBUG_INFORMATION_FORMAT = "dwarf-with-dsym";
				ENABLE_NS_ASSERTIONS = NO;
				ENABLE_STRICT_OBJC_MSGSEND = YES;
				GCC_C_LANGUAGE_STANDARD = gnu99;
				GCC_NO_COMMON_BLOCKS = YES;
				GCC_WARN_64_TO_32_BIT_CONVERSION = YES;
				GCC_WARN_ABOUT_RETURN_TYPE = YES_ERROR;
				GCC_WARN_UNDECLARED_SELECTOR = YES;
				GCC_WARN_UNINITIALIZED_AUTOS = YES_AGGRESSIVE;
				GCC_WARN_UNUSED_FUNCTION = YES;
				GCC_WARN_UNUSED_VARIABLE = YES;
				IPHONEOS_DEPLOYMENT_TARGET = 8.3;
				MTL_ENABLE_DEBUG_INFO = NO;
				SDKROOT = iphoneos;
				VALIDATE_PRODUCT = YES;
			};
			name = Release;
		};
		607FACF01AFB9204008FA782 /* Debug */ = {
			isa = XCBuildConfiguration;
			baseConfigurationReference = C4504917FA67D5B0B3EABDCC /* Pods-SwiftyDB_Example.debug.xcconfig */;
			buildSettings = {
				ASSETCATALOG_COMPILER_APPICON_NAME = AppIcon;
				INFOPLIST_FILE = SwiftyDB/Info.plist;
				LD_RUNPATH_SEARCH_PATHS = "$(inherited) @executable_path/Frameworks";
				MODULE_NAME = ExampleApp;
				PRODUCT_BUNDLE_IDENTIFIER = "org.cocoapods.demo.$(PRODUCT_NAME:rfc1034identifier)";
				PRODUCT_NAME = "$(TARGET_NAME)";
			};
			name = Debug;
		};
		607FACF11AFB9204008FA782 /* Release */ = {
			isa = XCBuildConfiguration;
			baseConfigurationReference = FA21C03FE49807406715C2C1 /* Pods-SwiftyDB_Example.release.xcconfig */;
			buildSettings = {
				ASSETCATALOG_COMPILER_APPICON_NAME = AppIcon;
				INFOPLIST_FILE = SwiftyDB/Info.plist;
				LD_RUNPATH_SEARCH_PATHS = "$(inherited) @executable_path/Frameworks";
				MODULE_NAME = ExampleApp;
				PRODUCT_BUNDLE_IDENTIFIER = "org.cocoapods.demo.$(PRODUCT_NAME:rfc1034identifier)";
				PRODUCT_NAME = "$(TARGET_NAME)";
			};
			name = Release;
		};
		607FACF31AFB9204008FA782 /* Debug */ = {
			isa = XCBuildConfiguration;
			baseConfigurationReference = E021258CBDCE36471E186F09 /* Pods-SwiftyDB_Tests.debug.xcconfig */;
			buildSettings = {
				FRAMEWORK_SEARCH_PATHS = (
					"$(SDKROOT)/Developer/Library/Frameworks",
					"$(inherited)",
				);
				GCC_PREPROCESSOR_DEFINITIONS = (
					"DEBUG=1",
					"$(inherited)",
				);
				INFOPLIST_FILE = Tests/Info.plist;
				LD_RUNPATH_SEARCH_PATHS = "$(inherited) @executable_path/Frameworks @loader_path/Frameworks";
				PRODUCT_BUNDLE_IDENTIFIER = "org.cocoapods.$(PRODUCT_NAME:rfc1034identifier)";
				PRODUCT_NAME = "$(TARGET_NAME)";
				TEST_HOST = "$(BUILT_PRODUCTS_DIR)/SwiftyDB_Example.app/SwiftyDB_Example";
			};
			name = Debug;
		};
		607FACF41AFB9204008FA782 /* Release */ = {
			isa = XCBuildConfiguration;
			baseConfigurationReference = 0862094CD83CCC68F5866600 /* Pods-SwiftyDB_Tests.release.xcconfig */;
			buildSettings = {
				FRAMEWORK_SEARCH_PATHS = (
					"$(SDKROOT)/Developer/Library/Frameworks",
					"$(inherited)",
				);
				INFOPLIST_FILE = Tests/Info.plist;
				LD_RUNPATH_SEARCH_PATHS = "$(inherited) @executable_path/Frameworks @loader_path/Frameworks";
				PRODUCT_BUNDLE_IDENTIFIER = "org.cocoapods.$(PRODUCT_NAME:rfc1034identifier)";
				PRODUCT_NAME = "$(TARGET_NAME)";
				TEST_HOST = "$(BUILT_PRODUCTS_DIR)/SwiftyDB_Example.app/SwiftyDB_Example";
			};
			name = Release;
		};
/* End XCBuildConfiguration section */

/* Begin XCConfigurationList section */
		607FACCB1AFB9204008FA782 /* Build configuration list for PBXProject "SwiftyDB" */ = {
			isa = XCConfigurationList;
			buildConfigurations = (
				607FACED1AFB9204008FA782 /* Debug */,
				607FACEE1AFB9204008FA782 /* Release */,
			);
			defaultConfigurationIsVisible = 0;
			defaultConfigurationName = Release;
		};
		607FACEF1AFB9204008FA782 /* Build configuration list for PBXNativeTarget "SwiftyDB_Example" */ = {
			isa = XCConfigurationList;
			buildConfigurations = (
				607FACF01AFB9204008FA782 /* Debug */,
				607FACF11AFB9204008FA782 /* Release */,
			);
			defaultConfigurationIsVisible = 0;
			defaultConfigurationName = Release;
		};
		607FACF21AFB9204008FA782 /* Build configuration list for PBXNativeTarget "SwiftyDB_Tests" */ = {
			isa = XCConfigurationList;
			buildConfigurations = (
				607FACF31AFB9204008FA782 /* Debug */,
				607FACF41AFB9204008FA782 /* Release */,
			);
			defaultConfigurationIsVisible = 0;
			defaultConfigurationName = Release;
		};
/* End XCConfigurationList section */
	};
	rootObject = 607FACC81AFB9204008FA782 /* Project object */;
}
